// !$*UTF8*$!
{
	archiveVersion = 1;
	classes = {
	};
	objectVersion = 54;
	objects = {

/* Begin PBXBuildFile section */
		00E356F31AD99517003FC87E /* connectTests.m in Sources */ = {isa = PBXBuildFile; fileRef = 00E356F21AD99517003FC87E /* connectTests.m */; };
		0C80B921A6F3F58F76C31292 /* libPods-connect.a in Frameworks */ = {isa = PBXBuildFile; fileRef = 5DCACB8F33CDC322A6C60F78 /* libPods-connect.a */; };
		0F1222AC3A6D4C5399EBB7C6 /* Roboto-Italic.ttf in Resources */ = {isa = PBXBuildFile; fileRef = CA64B25045F245018D9334EF /* Roboto-Italic.ttf */; };
		13B07FBC1A68108700A75B9A /* AppDelegate.mm in Sources */ = {isa = PBXBuildFile; fileRef = 13B07FB01A68108700A75B9A /* AppDelegate.mm */; };
		13B07FBF1A68108700A75B9A /* Images.xcassets in Resources */ = {isa = PBXBuildFile; fileRef = 13B07FB51A68108700A75B9A /* Images.xcassets */; };
		13B07FC11A68108700A75B9A /* main.m in Sources */ = {isa = PBXBuildFile; fileRef = 13B07FB71A68108700A75B9A /* main.m */; };
		1D0F5E12475F0CE3F2D61229 /* PrivacyInfo.xcprivacy in Resources */ = {isa = PBXBuildFile; fileRef = 6890B511381267059ADCD5FF /* PrivacyInfo.xcprivacy */; };
		25F5D5A3C4F64229A81847F9 /* Roboto-Regular.ttf in Resources */ = {isa = PBXBuildFile; fileRef = 7B8D2FF4D4EC4C6581848A73 /* Roboto-Regular.ttf */; };
		3B5B83F4374440AC90CDA882 /* Roboto-Medium.ttf in Resources */ = {isa = PBXBuildFile; fileRef = 37EB8C1F7A5B4F8EA89C7EA8 /* Roboto-Medium.ttf */; };
		7699B88040F8A987B510C191 /* libPods-connect-connectTests.a in Frameworks */ = {isa = PBXBuildFile; fileRef = 19F6CBCC0A4E27FBF8BF4A61 /* libPods-connect-connectTests.a */; };
		7E1DFB1933764943B8626971 /* Roboto-Light.ttf in Resources */ = {isa = PBXBuildFile; fileRef = 949C9F9DC62C44A4A4AD91BC /* Roboto-Light.ttf */; };
		7ED55260273B4E2C8EDEE81E /* Roboto-BlackItalic.ttf in Resources */ = {isa = PBXBuildFile; fileRef = 568CEF6B8489425D8E5A5160 /* Roboto-BlackItalic.ttf */; };
		81AB9BB82411601600AC10FF /* LaunchScreen.storyboard in Resources */ = {isa = PBXBuildFile; fileRef = 81AB9BB72411601600AC10FF /* LaunchScreen.storyboard */; };
		8FD3F3E9941940FEA119E85D /* Roboto-ThinItalic.ttf in Resources */ = {isa = PBXBuildFile; fileRef = 4D88E63A12B04B3681A88605 /* Roboto-ThinItalic.ttf */; };
		9220F5B6501B4E9385DCBC4D /* Roboto-MediumItalic.ttf in Resources */ = {isa = PBXBuildFile; fileRef = 815913A63A974315A052B3DF /* Roboto-MediumItalic.ttf */; };
		92BAFFC9B4CA4A48AA7EC23D /* index.ts in Resources */ = {isa = PBXBuildFile; fileRef = 284CFA7DDADB49139ED1D7DA /* index.ts */; };
		9F8172D6C31F4045BCB5649E /* Roboto-Black.ttf in Resources */ = {isa = PBXBuildFile; fileRef = B682FA4B1A044A1CB2428D51 /* Roboto-Black.ttf */; };
		A575CF8DDF7C40A2AE57D296 /* Roboto-Thin.ttf in Resources */ = {isa = PBXBuildFile; fileRef = F7AD80DD3CD747D4ACEA9B83 /* Roboto-Thin.ttf */; };
		A7632B96F7BA414181ACCAEC /* Roboto-LightItalic.ttf in Resources */ = {isa = PBXBuildFile; fileRef = 7DEBB67A2F0D48AC8A76A2D5 /* Roboto-LightItalic.ttf */; };
		E426CCC3C4B94AA89E09EEA7 /* Roboto-BoldItalic.ttf in Resources */ = {isa = PBXBuildFile; fileRef = 15A6B2306F8C445DA735C72B /* Roboto-BoldItalic.ttf */; };
		FED768CBAC094ED88854D5BB /* Roboto-Bold.ttf in Resources */ = {isa = PBXBuildFile; fileRef = C6177BDAB7D94F84BE0A1A71 /* Roboto-Bold.ttf */; };
/* End PBXBuildFile section */

/* Begin PBXContainerItemProxy section */
		00E356F41AD99517003FC87E /* PBXContainerItemProxy */ = {
			isa = PBXContainerItemProxy;
			containerPortal = 83CBB9F71A601CBA00E9B192 /* Project object */;
			proxyType = 1;
			remoteGlobalIDString = 13B07F861A680F5B00A75B9A;
			remoteInfo = connect;
		};
		04BA943C2BCF248500DF8DD3 /* PBXContainerItemProxy */ = {
			isa = PBXContainerItemProxy;
			containerPortal = 04BA93F32BCF248400DF8DD3 /* Pods.xcodeproj */;
			proxyType = 2;
			remoteGlobalIDString = 3FD1B4C1246D643E9476438C28048FA8;
			remoteInfo = AppAuth;
		};
		04BA943E2BCF248500DF8DD3 /* PBXContainerItemProxy */ = {
			isa = PBXContainerItemProxy;
			containerPortal = 04BA93F32BCF248400DF8DD3 /* Pods.xcodeproj */;
			proxyType = 2;
			remoteGlobalIDString = EF9852680BCD6EC8B15F622B5B92A838;
			remoteInfo = "AppAuth-AppAuthCore_Privacy";
		};
		04BA94402BCF248500DF8DD3 /* PBXContainerItemProxy */ = {
			isa = PBXContainerItemProxy;
			containerPortal = 04BA93F32BCF248400DF8DD3 /* Pods.xcodeproj */;
			proxyType = 2;
			remoteGlobalIDString = 6FFB7B2992BB53405E6B771A5BA1E97D;
			remoteInfo = DoubleConversion;
		};
		04BA94422BCF248500DF8DD3 /* PBXContainerItemProxy */ = {
			isa = PBXContainerItemProxy;
			containerPortal = 04BA93F32BCF248400DF8DD3 /* Pods.xcodeproj */;
			proxyType = 2;
			remoteGlobalIDString = F4BDA69E3BCB0166D49FB679ABADCA00;
			remoteInfo = fmt;
		};
		04BA94442BCF248500DF8DD3 /* PBXContainerItemProxy */ = {
			isa = PBXContainerItemProxy;
			containerPortal = 04BA93F32BCF248400DF8DD3 /* Pods.xcodeproj */;
			proxyType = 2;
			remoteGlobalIDString = 3CA7A9404CCDD6BA22C97F8348CE3209;
			remoteInfo = glog;
		};
		04BA94462BCF248500DF8DD3 /* PBXContainerItemProxy */ = {
			isa = PBXContainerItemProxy;
			containerPortal = 04BA93F32BCF248400DF8DD3 /* Pods.xcodeproj */;
			proxyType = 2;
			remoteGlobalIDString = FD56AB51475BC5F592781EE2692D1412;
			remoteInfo = GoogleSignIn;
		};
		04BA94482BCF248500DF8DD3 /* PBXContainerItemProxy */ = {
			isa = PBXContainerItemProxy;
			containerPortal = 04BA93F32BCF248400DF8DD3 /* Pods.xcodeproj */;
			proxyType = 2;
			remoteGlobalIDString = E5BA41B7F2E1FE47F9ABCAC27C9E4281;
			remoteInfo = "GoogleSignIn-GoogleSignIn";
		};
		04BA944A2BCF248500DF8DD3 /* PBXContainerItemProxy */ = {
			isa = PBXContainerItemProxy;
			containerPortal = 04BA93F32BCF248400DF8DD3 /* Pods.xcodeproj */;
			proxyType = 2;
			remoteGlobalIDString = 6FD122EA0AB9AB2A8FFA5F676C795DF0;
			remoteInfo = GTMAppAuth;
		};
		04BA944C2BCF248500DF8DD3 /* PBXContainerItemProxy */ = {
			isa = PBXContainerItemProxy;
			containerPortal = 04BA93F32BCF248400DF8DD3 /* Pods.xcodeproj */;
			proxyType = 2;
			remoteGlobalIDString = C1998E0D8085221AD87F89B614C10E52;
			remoteInfo = GTMSessionFetcher;
		};
		04BA944E2BCF248500DF8DD3 /* PBXContainerItemProxy */ = {
			isa = PBXContainerItemProxy;
			containerPortal = 04BA93F32BCF248400DF8DD3 /* Pods.xcodeproj */;
			proxyType = 2;
			remoteGlobalIDString = E826FA0DCB9AA6E7829C68391B323B78;
			remoteInfo = "GTMSessionFetcher-GTMSessionFetcher_Core_Privacy";
		};
		04BA94502BCF248500DF8DD3 /* PBXContainerItemProxy */ = {
			isa = PBXContainerItemProxy;
			containerPortal = 04BA93F32BCF248400DF8DD3 /* Pods.xcodeproj */;
			proxyType = 2;
			remoteGlobalIDString = FB6FAD8F0183E86ACBFBD8A81BA7BF3A;
			remoteInfo = libevent;
		};
		04BA94522BCF248500DF8DD3 /* PBXContainerItemProxy */ = {
			isa = PBXContainerItemProxy;
			containerPortal = 04BA93F32BCF248400DF8DD3 /* Pods.xcodeproj */;
			proxyType = 2;
			remoteGlobalIDString = EC6F82072C826DDDE34497C56B13E845;
			remoteInfo = "Pods-connect";
		};
		04BA94542BCF248500DF8DD3 /* PBXContainerItemProxy */ = {
			isa = PBXContainerItemProxy;
			containerPortal = 04BA93F32BCF248400DF8DD3 /* Pods.xcodeproj */;
			proxyType = 2;
			remoteGlobalIDString = 55A191E08F13470EC283B9866017CF1C;
			remoteInfo = "Pods-connect-connectTests";
		};
		04BA94562BCF248500DF8DD3 /* PBXContainerItemProxy */ = {
			isa = PBXContainerItemProxy;
			containerPortal = 04BA93F32BCF248400DF8DD3 /* Pods.xcodeproj */;
			proxyType = 2;
			remoteGlobalIDString = 1936453FF2A7E3A13063C4917C4D5598;
			remoteInfo = "RCT-Folly";
		};
		04BA94582BCF248500DF8DD3 /* PBXContainerItemProxy */ = {
			isa = PBXContainerItemProxy;
			containerPortal = 04BA93F32BCF248400DF8DD3 /* Pods.xcodeproj */;
			proxyType = 2;
			remoteGlobalIDString = F958876A082BF810B342435CE3FB5AF6;
			remoteInfo = RCTTypeSafety;
		};
		04BA945A2BCF248500DF8DD3 /* PBXContainerItemProxy */ = {
			isa = PBXContainerItemProxy;
			containerPortal = 04BA93F32BCF248400DF8DD3 /* Pods.xcodeproj */;
			proxyType = 2;
			remoteGlobalIDString = E7178FECB829C9576A3723658B07F087;
			remoteInfo = "React-Codegen";
		};
		04BA945C2BCF248500DF8DD3 /* PBXContainerItemProxy */ = {
			isa = PBXContainerItemProxy;
			containerPortal = 04BA93F32BCF248400DF8DD3 /* Pods.xcodeproj */;
			proxyType = 2;
			remoteGlobalIDString = BD71E2539823621820F84384064C253A;
			remoteInfo = "React-Core";
		};
		04BA945E2BCF248500DF8DD3 /* PBXContainerItemProxy */ = {
			isa = PBXContainerItemProxy;
			containerPortal = 04BA93F32BCF248400DF8DD3 /* Pods.xcodeproj */;
			proxyType = 2;
			remoteGlobalIDString = E50E54D57E4CB3E0920119CF69AD9A2D;
			remoteInfo = "React-Core-RCTI18nStrings";
		};
		04BA94602BCF248500DF8DD3 /* PBXContainerItemProxy */ = {
			isa = PBXContainerItemProxy;
			containerPortal = 04BA93F32BCF248400DF8DD3 /* Pods.xcodeproj */;
			proxyType = 2;
			remoteGlobalIDString = 6771D231F4C8C5976470A369C474B32E;
			remoteInfo = "React-CoreModules";
		};
		04BA94622BCF248500DF8DD3 /* PBXContainerItemProxy */ = {
			isa = PBXContainerItemProxy;
			containerPortal = 04BA93F32BCF248400DF8DD3 /* Pods.xcodeproj */;
			proxyType = 2;
			remoteGlobalIDString = 37592FDAD45752511010F4B06AC57355;
			remoteInfo = "React-cxxreact";
		};
		04BA94642BCF248500DF8DD3 /* PBXContainerItemProxy */ = {
			isa = PBXContainerItemProxy;
			containerPortal = 04BA93F32BCF248400DF8DD3 /* Pods.xcodeproj */;
			proxyType = 2;
			remoteGlobalIDString = 6ED2C07E6AE77BBD9A6856E523EF6A06;
			remoteInfo = "React-debug";
		};
		04BA94662BCF248500DF8DD3 /* PBXContainerItemProxy */ = {
			isa = PBXContainerItemProxy;
			containerPortal = 04BA93F32BCF248400DF8DD3 /* Pods.xcodeproj */;
			proxyType = 2;
			remoteGlobalIDString = DE73D8A5ECB254D9D3F8C36C8D201F89;
			remoteInfo = "React-Fabric";
		};
		04BA94682BCF248500DF8DD3 /* PBXContainerItemProxy */ = {
			isa = PBXContainerItemProxy;
			containerPortal = 04BA93F32BCF248400DF8DD3 /* Pods.xcodeproj */;
			proxyType = 2;
			remoteGlobalIDString = 61A80F68AE163B384B7D7A9E76B6046C;
			remoteInfo = "React-FabricImage";
		};
		04BA946A2BCF248500DF8DD3 /* PBXContainerItemProxy */ = {
			isa = PBXContainerItemProxy;
			containerPortal = 04BA93F32BCF248400DF8DD3 /* Pods.xcodeproj */;
			proxyType = 2;
			remoteGlobalIDString = 5AA54A19E2135E09B9C8C0767385FD3A;
			remoteInfo = "React-graphics";
		};
		04BA946C2BCF248500DF8DD3 /* PBXContainerItemProxy */ = {
			isa = PBXContainerItemProxy;
			containerPortal = 04BA93F32BCF248400DF8DD3 /* Pods.xcodeproj */;
			proxyType = 2;
			remoteGlobalIDString = DAD8B71DF2DFCF15AAF98C06D37D5703;
			remoteInfo = "React-hermes";
		};
		04BA946E2BCF248500DF8DD3 /* PBXContainerItemProxy */ = {
			isa = PBXContainerItemProxy;
			containerPortal = 04BA93F32BCF248400DF8DD3 /* Pods.xcodeproj */;
			proxyType = 2;
			remoteGlobalIDString = CEA45A2349847B8CEAC9ABF565A04BD0;
			remoteInfo = "React-ImageManager";
		};
		04BA94702BCF248500DF8DD3 /* PBXContainerItemProxy */ = {
			isa = PBXContainerItemProxy;
			containerPortal = 04BA93F32BCF248400DF8DD3 /* Pods.xcodeproj */;
			proxyType = 2;
			remoteGlobalIDString = C02EAF482D8B4DE45E3A58A25AE1FA91;
			remoteInfo = "React-jserrorhandler";
		};
		04BA94722BCF248500DF8DD3 /* PBXContainerItemProxy */ = {
			isa = PBXContainerItemProxy;
			containerPortal = 04BA93F32BCF248400DF8DD3 /* Pods.xcodeproj */;
			proxyType = 2;
			remoteGlobalIDString = D9F334F2E90E3EE462FC4192AF5C03BD;
			remoteInfo = "React-jsi";
		};
		04BA94742BCF248500DF8DD3 /* PBXContainerItemProxy */ = {
			isa = PBXContainerItemProxy;
			containerPortal = 04BA93F32BCF248400DF8DD3 /* Pods.xcodeproj */;
			proxyType = 2;
			remoteGlobalIDString = F2E7C88DFCD460A4B46B913ADEB8A641;
			remoteInfo = "React-jsiexecutor";
		};
		04BA94762BCF248500DF8DD3 /* PBXContainerItemProxy */ = {
			isa = PBXContainerItemProxy;
			containerPortal = 04BA93F32BCF248400DF8DD3 /* Pods.xcodeproj */;
			proxyType = 2;
			remoteGlobalIDString = 2577F299FCB0A19824FE989BE77B8E8F;
			remoteInfo = "React-jsinspector";
		};
		04BA94782BCF248500DF8DD3 /* PBXContainerItemProxy */ = {
			isa = PBXContainerItemProxy;
			containerPortal = 04BA93F32BCF248400DF8DD3 /* Pods.xcodeproj */;
			proxyType = 2;
			remoteGlobalIDString = C38BBBB7C111E0D7E14D7D90936F0BE4;
			remoteInfo = "React-jsitracing";
		};
		04BA947A2BCF248500DF8DD3 /* PBXContainerItemProxy */ = {
			isa = PBXContainerItemProxy;
			containerPortal = 04BA93F32BCF248400DF8DD3 /* Pods.xcodeproj */;
			proxyType = 2;
			remoteGlobalIDString = A5B49761F8D1EB12585DD45CAA2E489F;
			remoteInfo = "React-logger";
		};
		04BA947C2BCF248500DF8DD3 /* PBXContainerItemProxy */ = {
			isa = PBXContainerItemProxy;
			containerPortal = 04BA93F32BCF248400DF8DD3 /* Pods.xcodeproj */;
			proxyType = 2;
			remoteGlobalIDString = C941106D9D54AE237C5110F5638389AC;
			remoteInfo = "React-Mapbuffer";
		};
		04BA947E2BCF248500DF8DD3 /* PBXContainerItemProxy */ = {
			isa = PBXContainerItemProxy;
			containerPortal = 04BA93F32BCF248400DF8DD3 /* Pods.xcodeproj */;
			proxyType = 2;
			remoteGlobalIDString = 3566E29624F4738A4953CE7ABF635C5E;
			remoteInfo = "react-native-config";
		};
		04BA94802BCF248500DF8DD3 /* PBXContainerItemProxy */ = {
			isa = PBXContainerItemProxy;
			containerPortal = 04BA93F32BCF248400DF8DD3 /* Pods.xcodeproj */;
			proxyType = 2;
			remoteGlobalIDString = 52FCF98CEFF94C742080B6965D537AD0;
			remoteInfo = "react-native-safe-area-context";
		};
		04BA94822BCF248500DF8DD3 /* PBXContainerItemProxy */ = {
			isa = PBXContainerItemProxy;
			containerPortal = 04BA93F32BCF248400DF8DD3 /* Pods.xcodeproj */;
			proxyType = 2;
			remoteGlobalIDString = 60D5A56E763D6E7C4FBE797565062EEA;
			remoteInfo = "React-nativeconfig";
		};
		04BA94842BCF248500DF8DD3 /* PBXContainerItemProxy */ = {
			isa = PBXContainerItemProxy;
			containerPortal = 04BA93F32BCF248400DF8DD3 /* Pods.xcodeproj */;
			proxyType = 2;
			remoteGlobalIDString = 1E649614D7644BF68C2F5D4CB3FBF8DC;
			remoteInfo = "React-NativeModulesApple";
		};
		04BA94862BCF248500DF8DD3 /* PBXContainerItemProxy */ = {
			isa = PBXContainerItemProxy;
			containerPortal = 04BA93F32BCF248400DF8DD3 /* Pods.xcodeproj */;
			proxyType = 2;
			remoteGlobalIDString = 666E72807891C591E025A75410CD2A26;
			remoteInfo = "React-perflogger";
		};
		04BA94882BCF248500DF8DD3 /* PBXContainerItemProxy */ = {
			isa = PBXContainerItemProxy;
			containerPortal = 04BA93F32BCF248400DF8DD3 /* Pods.xcodeproj */;
			proxyType = 2;
			remoteGlobalIDString = FE7B9294FF05AAFD1653E2104E10844A;
			remoteInfo = "React-RCTAnimation";
		};
		04BA948A2BCF248500DF8DD3 /* PBXContainerItemProxy */ = {
			isa = PBXContainerItemProxy;
			containerPortal = 04BA93F32BCF248400DF8DD3 /* Pods.xcodeproj */;
			proxyType = 2;
			remoteGlobalIDString = 39D0105B481E5FB78C661496BD63B8A5;
			remoteInfo = "React-RCTAppDelegate";
		};
		04BA948C2BCF248500DF8DD3 /* PBXContainerItemProxy */ = {
			isa = PBXContainerItemProxy;
			containerPortal = 04BA93F32BCF248400DF8DD3 /* Pods.xcodeproj */;
			proxyType = 2;
			remoteGlobalIDString = F71EBF73F354B475D465FF6DE9A66707;
			remoteInfo = "React-RCTBlob";
		};
		04BA948E2BCF248500DF8DD3 /* PBXContainerItemProxy */ = {
			isa = PBXContainerItemProxy;
			containerPortal = 04BA93F32BCF248400DF8DD3 /* Pods.xcodeproj */;
			proxyType = 2;
			remoteGlobalIDString = DA7ABB6DD8AEACED51D63B2C774E3A63;
			remoteInfo = "React-RCTFabric";
		};
		04BA94902BCF248500DF8DD3 /* PBXContainerItemProxy */ = {
			isa = PBXContainerItemProxy;
			containerPortal = 04BA93F32BCF248400DF8DD3 /* Pods.xcodeproj */;
			proxyType = 2;
			remoteGlobalIDString = EEDBF403E8E0B3885E65C2741B536BC5;
			remoteInfo = "React-RCTImage";
		};
		04BA94922BCF248500DF8DD3 /* PBXContainerItemProxy */ = {
			isa = PBXContainerItemProxy;
			containerPortal = 04BA93F32BCF248400DF8DD3 /* Pods.xcodeproj */;
			proxyType = 2;
			remoteGlobalIDString = 802121F5B756ACBFDD6D08C36246DADD;
			remoteInfo = "React-RCTLinking";
		};
		04BA94942BCF248500DF8DD3 /* PBXContainerItemProxy */ = {
			isa = PBXContainerItemProxy;
			containerPortal = 04BA93F32BCF248400DF8DD3 /* Pods.xcodeproj */;
			proxyType = 2;
			remoteGlobalIDString = A68E5A9B69A3BA0FD52CAF7A354EC93B;
			remoteInfo = "React-RCTNetwork";
		};
		04BA94962BCF248500DF8DD3 /* PBXContainerItemProxy */ = {
			isa = PBXContainerItemProxy;
			containerPortal = 04BA93F32BCF248400DF8DD3 /* Pods.xcodeproj */;
			proxyType = 2;
			remoteGlobalIDString = 269BE773C9482484B70949A40F4EA525;
			remoteInfo = "React-RCTSettings";
		};
		04BA94982BCF248500DF8DD3 /* PBXContainerItemProxy */ = {
			isa = PBXContainerItemProxy;
			containerPortal = 04BA93F32BCF248400DF8DD3 /* Pods.xcodeproj */;
			proxyType = 2;
			remoteGlobalIDString = E6A16705C69FC7DE11C2469A4A0F8358;
			remoteInfo = "React-RCTText";
		};
		04BA949A2BCF248500DF8DD3 /* PBXContainerItemProxy */ = {
			isa = PBXContainerItemProxy;
			containerPortal = 04BA93F32BCF248400DF8DD3 /* Pods.xcodeproj */;
			proxyType = 2;
			remoteGlobalIDString = C1A919103EAC9813D236486C34FC0A21;
			remoteInfo = "React-RCTVibration";
		};
		04BA949C2BCF248500DF8DD3 /* PBXContainerItemProxy */ = {
			isa = PBXContainerItemProxy;
			containerPortal = 04BA93F32BCF248400DF8DD3 /* Pods.xcodeproj */;
			proxyType = 2;
			remoteGlobalIDString = 1E04881EDF02715BD6AC2C6ED3FBB37E;
			remoteInfo = "React-rendererdebug";
		};
		04BA949E2BCF248500DF8DD3 /* PBXContainerItemProxy */ = {
			isa = PBXContainerItemProxy;
			containerPortal = 04BA93F32BCF248400DF8DD3 /* Pods.xcodeproj */;
			proxyType = 2;
			remoteGlobalIDString = 1381503C42FFF460E946860A32A6F981;
			remoteInfo = "React-RuntimeApple";
		};
		04BA94A02BCF248500DF8DD3 /* PBXContainerItemProxy */ = {
			isa = PBXContainerItemProxy;
			containerPortal = 04BA93F32BCF248400DF8DD3 /* Pods.xcodeproj */;
			proxyType = 2;
			remoteGlobalIDString = D22EED118A762A7D7BC88A4ADBB7026E;
			remoteInfo = "React-RuntimeCore";
		};
		04BA94A22BCF248500DF8DD3 /* PBXContainerItemProxy */ = {
			isa = PBXContainerItemProxy;
			containerPortal = 04BA93F32BCF248400DF8DD3 /* Pods.xcodeproj */;
			proxyType = 2;
			remoteGlobalIDString = 4F3E9C98444FA55E416B857143C48013;
			remoteInfo = "React-RuntimeHermes";
		};
		04BA94A42BCF248500DF8DD3 /* PBXContainerItemProxy */ = {
			isa = PBXContainerItemProxy;
			containerPortal = 04BA93F32BCF248400DF8DD3 /* Pods.xcodeproj */;
			proxyType = 2;
			remoteGlobalIDString = A67E85E5F06FDA406D3A1B378BDF0C5C;
			remoteInfo = "React-runtimescheduler";
		};
		04BA94A62BCF248500DF8DD3 /* PBXContainerItemProxy */ = {
			isa = PBXContainerItemProxy;
			containerPortal = 04BA93F32BCF248400DF8DD3 /* Pods.xcodeproj */;
			proxyType = 2;
			remoteGlobalIDString = B7610E9FDE749C16C0B1CDAAF3B2DDC2;
			remoteInfo = "React-utils";
		};
		04BA94A82BCF248500DF8DD3 /* PBXContainerItemProxy */ = {
			isa = PBXContainerItemProxy;
			containerPortal = 04BA93F32BCF248400DF8DD3 /* Pods.xcodeproj */;
			proxyType = 2;
			remoteGlobalIDString = D5C775614AC76D44CECB6BE08B022F1F;
			remoteInfo = ReactCommon;
		};
		04BA94AA2BCF248500DF8DD3 /* PBXContainerItemProxy */ = {
			isa = PBXContainerItemProxy;
			containerPortal = 04BA93F32BCF248400DF8DD3 /* Pods.xcodeproj */;
			proxyType = 2;
			remoteGlobalIDString = 97CE6A3FA04F0B3C1E0418A227804309;
			remoteInfo = RNGoogleSignin;
		};
		04BA94AC2BCF248500DF8DD3 /* PBXContainerItemProxy */ = {
			isa = PBXContainerItemProxy;
			containerPortal = 04BA93F32BCF248400DF8DD3 /* Pods.xcodeproj */;
			proxyType = 2;
			remoteGlobalIDString = 15912309AA610251329D74FA111DE5CA;
			remoteInfo = RNLocalize;
		};
		04BA94AE2BCF248500DF8DD3 /* PBXContainerItemProxy */ = {
			isa = PBXContainerItemProxy;
			containerPortal = 04BA93F32BCF248400DF8DD3 /* Pods.xcodeproj */;
			proxyType = 2;
			remoteGlobalIDString = 50B5347C9A6E93B7D4CFC3673BA6FB7E;
			remoteInfo = RNScreens;
		};
		04BA94B02BCF248500DF8DD3 /* PBXContainerItemProxy */ = {
			isa = PBXContainerItemProxy;
			containerPortal = 04BA93F32BCF248400DF8DD3 /* Pods.xcodeproj */;
			proxyType = 2;
			remoteGlobalIDString = 90EE8D3C082C157169540FC8F5913DAD;
			remoteInfo = RNSVG;
		};
		04BA94B22BCF248500DF8DD3 /* PBXContainerItemProxy */ = {
			isa = PBXContainerItemProxy;
			containerPortal = 04BA93F32BCF248400DF8DD3 /* Pods.xcodeproj */;
			proxyType = 2;
			remoteGlobalIDString = 85A01882ED06DFEA2E0CE78BCDB204A7;
			remoteInfo = SocketRocket;
		};
		04BA94B42BCF248500DF8DD3 /* PBXContainerItemProxy */ = {
			isa = PBXContainerItemProxy;
			containerPortal = 04BA93F32BCF248400DF8DD3 /* Pods.xcodeproj */;
			proxyType = 2;
			remoteGlobalIDString = 65D0A19C165FA1126B1360680FE6DB12;
			remoteInfo = Yoga;
		};
/* End PBXContainerItemProxy section */

/* Begin PBXFileReference section */
		00E356EE1AD99517003FC87E /* connectTests.xctest */ = {isa = PBXFileReference; explicitFileType = wrapper.cfbundle; includeInIndex = 0; path = connectTests.xctest; sourceTree = BUILT_PRODUCTS_DIR; };
		00E356F11AD99517003FC87E /* Info.plist */ = {isa = PBXFileReference; lastKnownFileType = text.plist.xml; path = Info.plist; sourceTree = "<group>"; };
		00E356F21AD99517003FC87E /* connectTests.m */ = {isa = PBXFileReference; lastKnownFileType = sourcecode.c.objc; path = connectTests.m; sourceTree = "<group>"; };
		04BA93F32BCF248400DF8DD3 /* Pods.xcodeproj */ = {isa = PBXFileReference; lastKnownFileType = "wrapper.pb-project"; path = Pods.xcodeproj; sourceTree = "<group>"; };
		13B07F961A680F5B00A75B9A /* connect.app */ = {isa = PBXFileReference; explicitFileType = wrapper.application; includeInIndex = 0; path = connect.app; sourceTree = BUILT_PRODUCTS_DIR; };
		13B07FAF1A68108700A75B9A /* AppDelegate.h */ = {isa = PBXFileReference; fileEncoding = 4; lastKnownFileType = sourcecode.c.h; name = AppDelegate.h; path = connect/AppDelegate.h; sourceTree = "<group>"; };
		13B07FB01A68108700A75B9A /* AppDelegate.mm */ = {isa = PBXFileReference; fileEncoding = 4; lastKnownFileType = sourcecode.cpp.objcpp; name = AppDelegate.mm; path = connect/AppDelegate.mm; sourceTree = "<group>"; };
		13B07FB51A68108700A75B9A /* Images.xcassets */ = {isa = PBXFileReference; lastKnownFileType = folder.assetcatalog; name = Images.xcassets; path = connect/Images.xcassets; sourceTree = "<group>"; };
		13B07FB61A68108700A75B9A /* Info.plist */ = {isa = PBXFileReference; fileEncoding = 4; lastKnownFileType = text.plist.xml; name = Info.plist; path = connect/Info.plist; sourceTree = "<group>"; };
		13B07FB71A68108700A75B9A /* main.m */ = {isa = PBXFileReference; fileEncoding = 4; lastKnownFileType = sourcecode.c.objc; name = main.m; path = connect/main.m; sourceTree = "<group>"; };
		13B07FB81A68108700A75B9A /* PrivacyInfo.xcprivacy */ = {isa = PBXFileReference; fileEncoding = 4; lastKnownFileType = text.plist.xml; name = PrivacyInfo.xcprivacy; path = RnDiffApp/PrivacyInfo.xcprivacy; sourceTree = "<group>"; };
		15A6B2306F8C445DA735C72B /* Roboto-BoldItalic.ttf */ = {isa = PBXFileReference; explicitFileType = undefined; fileEncoding = 9; includeInIndex = 0; lastKnownFileType = unknown; name = "Roboto-BoldItalic.ttf"; path = "../src/assets/fonts/Roboto-BoldItalic.ttf"; sourceTree = "<group>"; };
		19F6CBCC0A4E27FBF8BF4A61 /* libPods-connect-connectTests.a */ = {isa = PBXFileReference; explicitFileType = archive.ar; includeInIndex = 0; path = "libPods-connect-connectTests.a"; sourceTree = BUILT_PRODUCTS_DIR; };
		284CFA7DDADB49139ED1D7DA /* index.ts */ = {isa = PBXFileReference; explicitFileType = undefined; fileEncoding = 9; includeInIndex = 0; lastKnownFileType = unknown; name = index.ts; path = ../src/assets/fonts/index.ts; sourceTree = "<group>"; };
		37EB8C1F7A5B4F8EA89C7EA8 /* Roboto-Medium.ttf */ = {isa = PBXFileReference; explicitFileType = undefined; fileEncoding = 9; includeInIndex = 0; lastKnownFileType = unknown; name = "Roboto-Medium.ttf"; path = "../src/assets/fonts/Roboto-Medium.ttf"; sourceTree = "<group>"; };
		3B4392A12AC88292D35C810B /* Pods-connect.debug.xcconfig */ = {isa = PBXFileReference; includeInIndex = 1; lastKnownFileType = text.xcconfig; name = "Pods-connect.debug.xcconfig"; path = "Target Support Files/Pods-connect/Pods-connect.debug.xcconfig"; sourceTree = "<group>"; };
		4D88E63A12B04B3681A88605 /* Roboto-ThinItalic.ttf */ = {isa = PBXFileReference; explicitFileType = undefined; fileEncoding = 9; includeInIndex = 0; lastKnownFileType = unknown; name = "Roboto-ThinItalic.ttf"; path = "../src/assets/fonts/Roboto-ThinItalic.ttf"; sourceTree = "<group>"; };
		568CEF6B8489425D8E5A5160 /* Roboto-BlackItalic.ttf */ = {isa = PBXFileReference; explicitFileType = undefined; fileEncoding = 9; includeInIndex = 0; lastKnownFileType = unknown; name = "Roboto-BlackItalic.ttf"; path = "../src/assets/fonts/Roboto-BlackItalic.ttf"; sourceTree = "<group>"; };
		5709B34CF0A7D63546082F79 /* Pods-connect.release.xcconfig */ = {isa = PBXFileReference; includeInIndex = 1; lastKnownFileType = text.xcconfig; name = "Pods-connect.release.xcconfig"; path = "Target Support Files/Pods-connect/Pods-connect.release.xcconfig"; sourceTree = "<group>"; };
		5B7EB9410499542E8C5724F5 /* Pods-connect-connectTests.debug.xcconfig */ = {isa = PBXFileReference; includeInIndex = 1; lastKnownFileType = text.xcconfig; name = "Pods-connect-connectTests.debug.xcconfig"; path = "Target Support Files/Pods-connect-connectTests/Pods-connect-connectTests.debug.xcconfig"; sourceTree = "<group>"; };
		5DCACB8F33CDC322A6C60F78 /* libPods-connect.a */ = {isa = PBXFileReference; explicitFileType = archive.ar; includeInIndex = 0; path = "libPods-connect.a"; sourceTree = BUILT_PRODUCTS_DIR; };
		6890B511381267059ADCD5FF /* PrivacyInfo.xcprivacy */ = {isa = PBXFileReference; includeInIndex = 1; name = PrivacyInfo.xcprivacy; path = connect/PrivacyInfo.xcprivacy; sourceTree = "<group>"; };
		7B8D2FF4D4EC4C6581848A73 /* Roboto-Regular.ttf */ = {isa = PBXFileReference; explicitFileType = undefined; fileEncoding = 9; includeInIndex = 0; lastKnownFileType = unknown; name = "Roboto-Regular.ttf"; path = "../src/assets/fonts/Roboto-Regular.ttf"; sourceTree = "<group>"; };
		7DEBB67A2F0D48AC8A76A2D5 /* Roboto-LightItalic.ttf */ = {isa = PBXFileReference; explicitFileType = undefined; fileEncoding = 9; includeInIndex = 0; lastKnownFileType = unknown; name = "Roboto-LightItalic.ttf"; path = "../src/assets/fonts/Roboto-LightItalic.ttf"; sourceTree = "<group>"; };
		815913A63A974315A052B3DF /* Roboto-MediumItalic.ttf */ = {isa = PBXFileReference; explicitFileType = undefined; fileEncoding = 9; includeInIndex = 0; lastKnownFileType = unknown; name = "Roboto-MediumItalic.ttf"; path = "../src/assets/fonts/Roboto-MediumItalic.ttf"; sourceTree = "<group>"; };
		81AB9BB72411601600AC10FF /* LaunchScreen.storyboard */ = {isa = PBXFileReference; fileEncoding = 4; lastKnownFileType = file.storyboard; name = LaunchScreen.storyboard; path = connect/LaunchScreen.storyboard; sourceTree = "<group>"; };
		89C6BE57DB24E9ADA2F236DE /* Pods-connect-connectTests.release.xcconfig */ = {isa = PBXFileReference; includeInIndex = 1; lastKnownFileType = text.xcconfig; name = "Pods-connect-connectTests.release.xcconfig"; path = "Target Support Files/Pods-connect-connectTests/Pods-connect-connectTests.release.xcconfig"; sourceTree = "<group>"; };
		949C9F9DC62C44A4A4AD91BC /* Roboto-Light.ttf */ = {isa = PBXFileReference; explicitFileType = undefined; fileEncoding = 9; includeInIndex = 0; lastKnownFileType = unknown; name = "Roboto-Light.ttf"; path = "../src/assets/fonts/Roboto-Light.ttf"; sourceTree = "<group>"; };
		B682FA4B1A044A1CB2428D51 /* Roboto-Black.ttf */ = {isa = PBXFileReference; explicitFileType = undefined; fileEncoding = 9; includeInIndex = 0; lastKnownFileType = unknown; name = "Roboto-Black.ttf"; path = "../src/assets/fonts/Roboto-Black.ttf"; sourceTree = "<group>"; };
		C6177BDAB7D94F84BE0A1A71 /* Roboto-Bold.ttf */ = {isa = PBXFileReference; explicitFileType = undefined; fileEncoding = 9; includeInIndex = 0; lastKnownFileType = unknown; name = "Roboto-Bold.ttf"; path = "../src/assets/fonts/Roboto-Bold.ttf"; sourceTree = "<group>"; };
		CA64B25045F245018D9334EF /* Roboto-Italic.ttf */ = {isa = PBXFileReference; explicitFileType = undefined; fileEncoding = 9; includeInIndex = 0; lastKnownFileType = unknown; name = "Roboto-Italic.ttf"; path = "../src/assets/fonts/Roboto-Italic.ttf"; sourceTree = "<group>"; };
		ED297162215061F000B7C4FE /* JavaScriptCore.framework */ = {isa = PBXFileReference; lastKnownFileType = wrapper.framework; name = JavaScriptCore.framework; path = System/Library/Frameworks/JavaScriptCore.framework; sourceTree = SDKROOT; };
		F7AD80DD3CD747D4ACEA9B83 /* Roboto-Thin.ttf */ = {isa = PBXFileReference; explicitFileType = undefined; fileEncoding = 9; includeInIndex = 0; lastKnownFileType = unknown; name = "Roboto-Thin.ttf"; path = "../src/assets/fonts/Roboto-Thin.ttf"; sourceTree = "<group>"; };
/* End PBXFileReference section */

/* Begin PBXFrameworksBuildPhase section */
		00E356EB1AD99517003FC87E /* Frameworks */ = {
			isa = PBXFrameworksBuildPhase;
			buildActionMask = 2147483647;
			files = (
				7699B88040F8A987B510C191 /* libPods-connect-connectTests.a in Frameworks */,
			);
			runOnlyForDeploymentPostprocessing = 0;
		};
		13B07F8C1A680F5B00A75B9A /* Frameworks */ = {
			isa = PBXFrameworksBuildPhase;
			buildActionMask = 2147483647;
			files = (
				0C80B921A6F3F58F76C31292 /* libPods-connect.a in Frameworks */,
			);
			runOnlyForDeploymentPostprocessing = 0;
		};
/* End PBXFrameworksBuildPhase section */

/* Begin PBXGroup section */
		00E356EF1AD99517003FC87E /* connectTests */ = {
			isa = PBXGroup;
			children = (
				00E356F21AD99517003FC87E /* connectTests.m */,
				00E356F01AD99517003FC87E /* Supporting Files */,
			);
			path = connectTests;
			sourceTree = "<group>";
		};
		00E356F01AD99517003FC87E /* Supporting Files */ = {
			isa = PBXGroup;
			children = (
				00E356F11AD99517003FC87E /* Info.plist */,
			);
			name = "Supporting Files";
			sourceTree = "<group>";
		};
		04BA93F42BCF248400DF8DD3 /* Products */ = {
			isa = PBXGroup;
			children = (
				04BA943D2BCF248500DF8DD3 /* AppAuth */,
				04BA943F2BCF248500DF8DD3 /* AppAuth-AppAuthCore_Privacy */,
				04BA94412BCF248500DF8DD3 /* DoubleConversion */,
				04BA94432BCF248500DF8DD3 /* fmt */,
				04BA94452BCF248500DF8DD3 /* glog */,
				04BA94472BCF248500DF8DD3 /* GoogleSignIn */,
				04BA94492BCF248500DF8DD3 /* GoogleSignIn-GoogleSignIn */,
				04BA944B2BCF248500DF8DD3 /* GTMAppAuth */,
				04BA944D2BCF248500DF8DD3 /* GTMSessionFetcher */,
				04BA944F2BCF248500DF8DD3 /* GTMSessionFetcher-GTMSessionFetcher_Core_Privacy */,
				04BA94512BCF248500DF8DD3 /* libevent */,
				04BA94532BCF248500DF8DD3 /* Pods-connect */,
				04BA94552BCF248500DF8DD3 /* Pods-connect-connectTests */,
				04BA94572BCF248500DF8DD3 /* RCT-Folly */,
				04BA94592BCF248500DF8DD3 /* RCTTypeSafety */,
				04BA945B2BCF248500DF8DD3 /* React-Codegen */,
				04BA945D2BCF248500DF8DD3 /* React-Core */,
				04BA945F2BCF248500DF8DD3 /* React-Core-RCTI18nStrings */,
				04BA94612BCF248500DF8DD3 /* React-CoreModules */,
				04BA94632BCF248500DF8DD3 /* React-cxxreact */,
				04BA94652BCF248500DF8DD3 /* React-debug */,
				04BA94672BCF248500DF8DD3 /* React-Fabric */,
				04BA94692BCF248500DF8DD3 /* React-FabricImage */,
				04BA946B2BCF248500DF8DD3 /* React-graphics */,
				04BA946D2BCF248500DF8DD3 /* React-hermes */,
				04BA946F2BCF248500DF8DD3 /* React-ImageManager */,
				04BA94712BCF248500DF8DD3 /* React-jserrorhandler */,
				04BA94732BCF248500DF8DD3 /* React-jsi */,
				04BA94752BCF248500DF8DD3 /* React-jsiexecutor */,
				04BA94772BCF248500DF8DD3 /* React-jsinspector */,
				04BA94792BCF248500DF8DD3 /* React-jsitracing */,
				04BA947B2BCF248500DF8DD3 /* React-logger */,
				04BA947D2BCF248500DF8DD3 /* React-Mapbuffer */,
				04BA947F2BCF248500DF8DD3 /* react-native-config */,
				04BA94812BCF248500DF8DD3 /* react-native-safe-area-context */,
				04BA94832BCF248500DF8DD3 /* React-nativeconfig */,
				04BA94852BCF248500DF8DD3 /* React-NativeModulesApple */,
				04BA94872BCF248500DF8DD3 /* React-perflogger */,
				04BA94892BCF248500DF8DD3 /* React-RCTAnimation */,
				04BA948B2BCF248500DF8DD3 /* React-RCTAppDelegate */,
				04BA948D2BCF248500DF8DD3 /* React-RCTBlob */,
				04BA948F2BCF248500DF8DD3 /* React-RCTFabric */,
				04BA94912BCF248500DF8DD3 /* React-RCTImage */,
				04BA94932BCF248500DF8DD3 /* React-RCTLinking */,
				04BA94952BCF248500DF8DD3 /* React-RCTNetwork */,
				04BA94972BCF248500DF8DD3 /* React-RCTSettings */,
				04BA94992BCF248500DF8DD3 /* React-RCTText */,
				04BA949B2BCF248500DF8DD3 /* React-RCTVibration */,
				04BA949D2BCF248500DF8DD3 /* React-rendererdebug */,
				04BA949F2BCF248500DF8DD3 /* React-RuntimeApple */,
				04BA94A12BCF248500DF8DD3 /* React-RuntimeCore */,
				04BA94A32BCF248500DF8DD3 /* React-RuntimeHermes */,
				04BA94A52BCF248500DF8DD3 /* React-runtimescheduler */,
				04BA94A72BCF248500DF8DD3 /* React-utils */,
				04BA94A92BCF248500DF8DD3 /* ReactCommon */,
				04BA94AB2BCF248500DF8DD3 /* RNGoogleSignin */,
				04BA94AD2BCF248500DF8DD3 /* RNLocalize */,
				04BA94AF2BCF248500DF8DD3 /* RNScreens */,
				04BA94B12BCF248500DF8DD3 /* RNSVG */,
				04BA94B32BCF248500DF8DD3 /* SocketRocket */,
				04BA94B52BCF248500DF8DD3 /* Yoga */,
			);
			name = Products;
			sourceTree = "<group>";
		};
		13B07FAE1A68108700A75B9A /* connect */ = {
			isa = PBXGroup;
			children = (
				13B07FAF1A68108700A75B9A /* AppDelegate.h */,
				13B07FB01A68108700A75B9A /* AppDelegate.mm */,
				13B07FB51A68108700A75B9A /* Images.xcassets */,
				13B07FB61A68108700A75B9A /* Info.plist */,
				81AB9BB72411601600AC10FF /* LaunchScreen.storyboard */,
				13B07FB71A68108700A75B9A /* main.m */,
				13B07FB81A68108700A75B9A /* PrivacyInfo.xcprivacy */,
				6890B511381267059ADCD5FF /* PrivacyInfo.xcprivacy */,
			);
			name = connect;
			sourceTree = "<group>";
		};
		2D16E6871FA4F8E400B85C8A /* Frameworks */ = {
			isa = PBXGroup;
			children = (
				ED297162215061F000B7C4FE /* JavaScriptCore.framework */,
				5DCACB8F33CDC322A6C60F78 /* libPods-connect.a */,
				19F6CBCC0A4E27FBF8BF4A61 /* libPods-connect-connectTests.a */,
			);
			name = Frameworks;
			sourceTree = "<group>";
		};
		832341AE1AAA6A7D00B99B32 /* Libraries */ = {
			isa = PBXGroup;
			children = (
			);
			name = Libraries;
			sourceTree = "<group>";
		};
		83CBB9F61A601CBA00E9B192 = {
			isa = PBXGroup;
			children = (
				13B07FAE1A68108700A75B9A /* connect */,
				832341AE1AAA6A7D00B99B32 /* Libraries */,
				00E356EF1AD99517003FC87E /* connectTests */,
				83CBBA001A601CBA00E9B192 /* Products */,
				2D16E6871FA4F8E400B85C8A /* Frameworks */,
				BBD78D7AC51CEA395F1C20DB /* Pods */,
				ABDE1F50468C40758AB6FDC3 /* Resources */,
			);
			indentWidth = 2;
			sourceTree = "<group>";
			tabWidth = 2;
			usesTabs = 0;
		};
		83CBBA001A601CBA00E9B192 /* Products */ = {
			isa = PBXGroup;
			children = (
				13B07F961A680F5B00A75B9A /* connect.app */,
				00E356EE1AD99517003FC87E /* connectTests.xctest */,
			);
			name = Products;
			sourceTree = "<group>";
		};
		ABDE1F50468C40758AB6FDC3 /* Resources */ = {
			isa = PBXGroup;
			children = (
				B682FA4B1A044A1CB2428D51 /* Roboto-Black.ttf */,
				568CEF6B8489425D8E5A5160 /* Roboto-BlackItalic.ttf */,
				C6177BDAB7D94F84BE0A1A71 /* Roboto-Bold.ttf */,
				15A6B2306F8C445DA735C72B /* Roboto-BoldItalic.ttf */,
				CA64B25045F245018D9334EF /* Roboto-Italic.ttf */,
				949C9F9DC62C44A4A4AD91BC /* Roboto-Light.ttf */,
				7DEBB67A2F0D48AC8A76A2D5 /* Roboto-LightItalic.ttf */,
				37EB8C1F7A5B4F8EA89C7EA8 /* Roboto-Medium.ttf */,
				815913A63A974315A052B3DF /* Roboto-MediumItalic.ttf */,
				7B8D2FF4D4EC4C6581848A73 /* Roboto-Regular.ttf */,
				F7AD80DD3CD747D4ACEA9B83 /* Roboto-Thin.ttf */,
				4D88E63A12B04B3681A88605 /* Roboto-ThinItalic.ttf */,
				284CFA7DDADB49139ED1D7DA /* index.ts */,
			);
			name = Resources;
			sourceTree = "<group>";
		};
		BBD78D7AC51CEA395F1C20DB /* Pods */ = {
			isa = PBXGroup;
			children = (
				04BA93F32BCF248400DF8DD3 /* Pods.xcodeproj */,
				3B4392A12AC88292D35C810B /* Pods-connect.debug.xcconfig */,
				5709B34CF0A7D63546082F79 /* Pods-connect.release.xcconfig */,
				5B7EB9410499542E8C5724F5 /* Pods-connect-connectTests.debug.xcconfig */,
				89C6BE57DB24E9ADA2F236DE /* Pods-connect-connectTests.release.xcconfig */,
			);
			path = Pods;
			sourceTree = "<group>";
		};
/* End PBXGroup section */

/* Begin PBXNativeTarget section */
		00E356ED1AD99517003FC87E /* connectTests */ = {
			isa = PBXNativeTarget;
			buildConfigurationList = 00E357021AD99517003FC87E /* Build configuration list for PBXNativeTarget "connectTests" */;
			buildPhases = (
				A55EABD7B0C7F3A422A6CC61 /* [CP] Check Pods Manifest.lock */,
				00E356EA1AD99517003FC87E /* Sources */,
				00E356EB1AD99517003FC87E /* Frameworks */,
				00E356EC1AD99517003FC87E /* Resources */,
				C59DA0FBD6956966B86A3779 /* [CP] Embed Pods Frameworks */,
				F6A41C54EA430FDDC6A6ED99 /* [CP] Copy Pods Resources */,
			);
			buildRules = (
			);
			dependencies = (
				00E356F51AD99517003FC87E /* PBXTargetDependency */,
			);
			name = connectTests;
			productName = connectTests;
			productReference = 00E356EE1AD99517003FC87E /* connectTests.xctest */;
			productType = "com.apple.product-type.bundle.unit-test";
		};
		13B07F861A680F5B00A75B9A /* connect */ = {
			isa = PBXNativeTarget;
			buildConfigurationList = 13B07F931A680F5B00A75B9A /* Build configuration list for PBXNativeTarget "connect" */;
			buildPhases = (
				C38B50BA6285516D6DCD4F65 /* [CP] Check Pods Manifest.lock */,
				FD10A7F022414F080027D42C /* Start Packager */,
				13B07F871A680F5B00A75B9A /* Sources */,
				13B07F8C1A680F5B00A75B9A /* Frameworks */,
				13B07F8E1A680F5B00A75B9A /* Resources */,
				00DD1BFF1BD5951E006B06BC /* Bundle React Native code and images */,
				00EEFC60759A1932668264C0 /* [CP] Embed Pods Frameworks */,
				E235C05ADACE081382539298 /* [CP] Copy Pods Resources */,
			);
			buildRules = (
			);
			dependencies = (
			);
			name = connect;
			productName = connect;
			productReference = 13B07F961A680F5B00A75B9A /* connect.app */;
			productType = "com.apple.product-type.application";
		};
/* End PBXNativeTarget section */

/* Begin PBXProject section */
		83CBB9F71A601CBA00E9B192 /* Project object */ = {
			isa = PBXProject;
			attributes = {
				LastUpgradeCheck = 1210;
				TargetAttributes = {
					00E356ED1AD99517003FC87E = {
						CreatedOnToolsVersion = 6.2;
						TestTargetID = 13B07F861A680F5B00A75B9A;
					};
					13B07F861A680F5B00A75B9A = {
						LastSwiftMigration = 1120;
					};
				};
			};
			buildConfigurationList = 83CBB9FA1A601CBA00E9B192 /* Build configuration list for PBXProject "connect" */;
			compatibilityVersion = "Xcode 12.0";
			developmentRegion = en;
			hasScannedForEncodings = 0;
			knownRegions = (
				en,
				Base,
			);
			mainGroup = 83CBB9F61A601CBA00E9B192;
			productRefGroup = 83CBBA001A601CBA00E9B192 /* Products */;
			projectDirPath = "";
			projectReferences = (
				{
					ProductGroup = 04BA93F42BCF248400DF8DD3 /* Products */;
					ProjectRef = 04BA93F32BCF248400DF8DD3 /* Pods.xcodeproj */;
				},
			);
			projectRoot = "";
			targets = (
				13B07F861A680F5B00A75B9A /* connect */,
				00E356ED1AD99517003FC87E /* connectTests */,
			);
		};
/* End PBXProject section */

/* Begin PBXReferenceProxy section */
		04BA943D2BCF248500DF8DD3 /* AppAuth */ = {
			isa = PBXReferenceProxy;
			fileType = archive.ar;
			name = AppAuth;
			path = libAppAuth.a;
			remoteRef = 04BA943C2BCF248500DF8DD3 /* PBXContainerItemProxy */;
			sourceTree = BUILT_PRODUCTS_DIR;
		};
		04BA943F2BCF248500DF8DD3 /* AppAuth-AppAuthCore_Privacy */ = {
			isa = PBXReferenceProxy;
			fileType = wrapper.cfbundle;
			name = "AppAuth-AppAuthCore_Privacy";
			path = AppAuthCore_Privacy.bundle;
			remoteRef = 04BA943E2BCF248500DF8DD3 /* PBXContainerItemProxy */;
			sourceTree = BUILT_PRODUCTS_DIR;
		};
		04BA94412BCF248500DF8DD3 /* DoubleConversion */ = {
			isa = PBXReferenceProxy;
			fileType = archive.ar;
			name = DoubleConversion;
			path = libDoubleConversion.a;
			remoteRef = 04BA94402BCF248500DF8DD3 /* PBXContainerItemProxy */;
			sourceTree = BUILT_PRODUCTS_DIR;
		};
		04BA94432BCF248500DF8DD3 /* fmt */ = {
			isa = PBXReferenceProxy;
			fileType = archive.ar;
			name = fmt;
			path = libfmt.a;
			remoteRef = 04BA94422BCF248500DF8DD3 /* PBXContainerItemProxy */;
			sourceTree = BUILT_PRODUCTS_DIR;
		};
		04BA94452BCF248500DF8DD3 /* glog */ = {
			isa = PBXReferenceProxy;
			fileType = archive.ar;
			name = glog;
			path = libglog.a;
			remoteRef = 04BA94442BCF248500DF8DD3 /* PBXContainerItemProxy */;
			sourceTree = BUILT_PRODUCTS_DIR;
		};
		04BA94472BCF248500DF8DD3 /* GoogleSignIn */ = {
			isa = PBXReferenceProxy;
			fileType = archive.ar;
			name = GoogleSignIn;
			path = libGoogleSignIn.a;
			remoteRef = 04BA94462BCF248500DF8DD3 /* PBXContainerItemProxy */;
			sourceTree = BUILT_PRODUCTS_DIR;
		};
		04BA94492BCF248500DF8DD3 /* GoogleSignIn-GoogleSignIn */ = {
			isa = PBXReferenceProxy;
			fileType = wrapper.cfbundle;
			name = "GoogleSignIn-GoogleSignIn";
			path = GoogleSignIn.bundle;
			remoteRef = 04BA94482BCF248500DF8DD3 /* PBXContainerItemProxy */;
			sourceTree = BUILT_PRODUCTS_DIR;
		};
		04BA944B2BCF248500DF8DD3 /* GTMAppAuth */ = {
			isa = PBXReferenceProxy;
			fileType = archive.ar;
			name = GTMAppAuth;
			path = libGTMAppAuth.a;
			remoteRef = 04BA944A2BCF248500DF8DD3 /* PBXContainerItemProxy */;
			sourceTree = BUILT_PRODUCTS_DIR;
		};
		04BA944D2BCF248500DF8DD3 /* GTMSessionFetcher */ = {
			isa = PBXReferenceProxy;
			fileType = archive.ar;
			name = GTMSessionFetcher;
			path = libGTMSessionFetcher.a;
			remoteRef = 04BA944C2BCF248500DF8DD3 /* PBXContainerItemProxy */;
			sourceTree = BUILT_PRODUCTS_DIR;
		};
		04BA944F2BCF248500DF8DD3 /* GTMSessionFetcher-GTMSessionFetcher_Core_Privacy */ = {
			isa = PBXReferenceProxy;
			fileType = wrapper.cfbundle;
			name = "GTMSessionFetcher-GTMSessionFetcher_Core_Privacy";
			path = GTMSessionFetcher_Core_Privacy.bundle;
			remoteRef = 04BA944E2BCF248500DF8DD3 /* PBXContainerItemProxy */;
			sourceTree = BUILT_PRODUCTS_DIR;
		};
		04BA94512BCF248500DF8DD3 /* libevent */ = {
			isa = PBXReferenceProxy;
			fileType = archive.ar;
			name = libevent;
			path = liblibevent.a;
			remoteRef = 04BA94502BCF248500DF8DD3 /* PBXContainerItemProxy */;
			sourceTree = BUILT_PRODUCTS_DIR;
		};
		04BA94532BCF248500DF8DD3 /* Pods-connect */ = {
			isa = PBXReferenceProxy;
			fileType = archive.ar;
			name = "Pods-connect";
			path = "libPods-connect.a";
			remoteRef = 04BA94522BCF248500DF8DD3 /* PBXContainerItemProxy */;
			sourceTree = BUILT_PRODUCTS_DIR;
		};
		04BA94552BCF248500DF8DD3 /* Pods-connect-connectTests */ = {
			isa = PBXReferenceProxy;
			fileType = archive.ar;
			name = "Pods-connect-connectTests";
			path = "libPods-connect-connectTests.a";
			remoteRef = 04BA94542BCF248500DF8DD3 /* PBXContainerItemProxy */;
			sourceTree = BUILT_PRODUCTS_DIR;
		};
		04BA94572BCF248500DF8DD3 /* RCT-Folly */ = {
			isa = PBXReferenceProxy;
			fileType = archive.ar;
			name = "RCT-Folly";
			path = "libRCT-Folly.a";
			remoteRef = 04BA94562BCF248500DF8DD3 /* PBXContainerItemProxy */;
			sourceTree = BUILT_PRODUCTS_DIR;
		};
		04BA94592BCF248500DF8DD3 /* RCTTypeSafety */ = {
			isa = PBXReferenceProxy;
			fileType = archive.ar;
			name = RCTTypeSafety;
			path = libRCTTypeSafety.a;
			remoteRef = 04BA94582BCF248500DF8DD3 /* PBXContainerItemProxy */;
			sourceTree = BUILT_PRODUCTS_DIR;
		};
		04BA945B2BCF248500DF8DD3 /* React-Codegen */ = {
			isa = PBXReferenceProxy;
			fileType = archive.ar;
			name = "React-Codegen";
			path = "libReact-Codegen.a";
			remoteRef = 04BA945A2BCF248500DF8DD3 /* PBXContainerItemProxy */;
			sourceTree = BUILT_PRODUCTS_DIR;
		};
		04BA945D2BCF248500DF8DD3 /* React-Core */ = {
			isa = PBXReferenceProxy;
			fileType = archive.ar;
			name = "React-Core";
			path = "libReact-Core.a";
			remoteRef = 04BA945C2BCF248500DF8DD3 /* PBXContainerItemProxy */;
			sourceTree = BUILT_PRODUCTS_DIR;
		};
		04BA945F2BCF248500DF8DD3 /* React-Core-RCTI18nStrings */ = {
			isa = PBXReferenceProxy;
			fileType = wrapper.cfbundle;
			name = "React-Core-RCTI18nStrings";
			path = RCTI18nStrings.bundle;
			remoteRef = 04BA945E2BCF248500DF8DD3 /* PBXContainerItemProxy */;
			sourceTree = BUILT_PRODUCTS_DIR;
		};
		04BA94612BCF248500DF8DD3 /* React-CoreModules */ = {
			isa = PBXReferenceProxy;
			fileType = archive.ar;
			name = "React-CoreModules";
			path = "libReact-CoreModules.a";
			remoteRef = 04BA94602BCF248500DF8DD3 /* PBXContainerItemProxy */;
			sourceTree = BUILT_PRODUCTS_DIR;
		};
		04BA94632BCF248500DF8DD3 /* React-cxxreact */ = {
			isa = PBXReferenceProxy;
			fileType = archive.ar;
			name = "React-cxxreact";
			path = "libReact-cxxreact.a";
			remoteRef = 04BA94622BCF248500DF8DD3 /* PBXContainerItemProxy */;
			sourceTree = BUILT_PRODUCTS_DIR;
		};
		04BA94652BCF248500DF8DD3 /* React-debug */ = {
			isa = PBXReferenceProxy;
			fileType = archive.ar;
			name = "React-debug";
			path = "libReact-debug.a";
			remoteRef = 04BA94642BCF248500DF8DD3 /* PBXContainerItemProxy */;
			sourceTree = BUILT_PRODUCTS_DIR;
		};
		04BA94672BCF248500DF8DD3 /* React-Fabric */ = {
			isa = PBXReferenceProxy;
			fileType = archive.ar;
			name = "React-Fabric";
			path = "libReact-Fabric.a";
			remoteRef = 04BA94662BCF248500DF8DD3 /* PBXContainerItemProxy */;
			sourceTree = BUILT_PRODUCTS_DIR;
		};
		04BA94692BCF248500DF8DD3 /* React-FabricImage */ = {
			isa = PBXReferenceProxy;
			fileType = archive.ar;
			name = "React-FabricImage";
			path = "libReact-FabricImage.a";
			remoteRef = 04BA94682BCF248500DF8DD3 /* PBXContainerItemProxy */;
			sourceTree = BUILT_PRODUCTS_DIR;
		};
		04BA946B2BCF248500DF8DD3 /* React-graphics */ = {
			isa = PBXReferenceProxy;
			fileType = archive.ar;
			name = "React-graphics";
			path = "libReact-graphics.a";
			remoteRef = 04BA946A2BCF248500DF8DD3 /* PBXContainerItemProxy */;
			sourceTree = BUILT_PRODUCTS_DIR;
		};
		04BA946D2BCF248500DF8DD3 /* React-hermes */ = {
			isa = PBXReferenceProxy;
			fileType = archive.ar;
			name = "React-hermes";
			path = "libReact-hermes.a";
			remoteRef = 04BA946C2BCF248500DF8DD3 /* PBXContainerItemProxy */;
			sourceTree = BUILT_PRODUCTS_DIR;
		};
		04BA946F2BCF248500DF8DD3 /* React-ImageManager */ = {
			isa = PBXReferenceProxy;
			fileType = archive.ar;
			name = "React-ImageManager";
			path = "libReact-ImageManager.a";
			remoteRef = 04BA946E2BCF248500DF8DD3 /* PBXContainerItemProxy */;
			sourceTree = BUILT_PRODUCTS_DIR;
		};
		04BA94712BCF248500DF8DD3 /* React-jserrorhandler */ = {
			isa = PBXReferenceProxy;
			fileType = archive.ar;
			name = "React-jserrorhandler";
			path = "libReact-jserrorhandler.a";
			remoteRef = 04BA94702BCF248500DF8DD3 /* PBXContainerItemProxy */;
			sourceTree = BUILT_PRODUCTS_DIR;
		};
		04BA94732BCF248500DF8DD3 /* React-jsi */ = {
			isa = PBXReferenceProxy;
			fileType = archive.ar;
			name = "React-jsi";
			path = "libReact-jsi.a";
			remoteRef = 04BA94722BCF248500DF8DD3 /* PBXContainerItemProxy */;
			sourceTree = BUILT_PRODUCTS_DIR;
		};
		04BA94752BCF248500DF8DD3 /* React-jsiexecutor */ = {
			isa = PBXReferenceProxy;
			fileType = archive.ar;
			name = "React-jsiexecutor";
			path = "libReact-jsiexecutor.a";
			remoteRef = 04BA94742BCF248500DF8DD3 /* PBXContainerItemProxy */;
			sourceTree = BUILT_PRODUCTS_DIR;
		};
		04BA94772BCF248500DF8DD3 /* React-jsinspector */ = {
			isa = PBXReferenceProxy;
			fileType = archive.ar;
			name = "React-jsinspector";
			path = "libReact-jsinspector.a";
			remoteRef = 04BA94762BCF248500DF8DD3 /* PBXContainerItemProxy */;
			sourceTree = BUILT_PRODUCTS_DIR;
		};
		04BA94792BCF248500DF8DD3 /* React-jsitracing */ = {
			isa = PBXReferenceProxy;
			fileType = archive.ar;
			name = "React-jsitracing";
			path = "libReact-jsitracing.a";
			remoteRef = 04BA94782BCF248500DF8DD3 /* PBXContainerItemProxy */;
			sourceTree = BUILT_PRODUCTS_DIR;
		};
		04BA947B2BCF248500DF8DD3 /* React-logger */ = {
			isa = PBXReferenceProxy;
			fileType = archive.ar;
			name = "React-logger";
			path = "libReact-logger.a";
			remoteRef = 04BA947A2BCF248500DF8DD3 /* PBXContainerItemProxy */;
			sourceTree = BUILT_PRODUCTS_DIR;
		};
		04BA947D2BCF248500DF8DD3 /* React-Mapbuffer */ = {
			isa = PBXReferenceProxy;
			fileType = archive.ar;
			name = "React-Mapbuffer";
			path = "libReact-Mapbuffer.a";
			remoteRef = 04BA947C2BCF248500DF8DD3 /* PBXContainerItemProxy */;
			sourceTree = BUILT_PRODUCTS_DIR;
		};
		04BA947F2BCF248500DF8DD3 /* react-native-config */ = {
			isa = PBXReferenceProxy;
			fileType = archive.ar;
			name = "react-native-config";
			path = "libreact-native-config.a";
			remoteRef = 04BA947E2BCF248500DF8DD3 /* PBXContainerItemProxy */;
			sourceTree = BUILT_PRODUCTS_DIR;
		};
		04BA94812BCF248500DF8DD3 /* react-native-safe-area-context */ = {
			isa = PBXReferenceProxy;
			fileType = archive.ar;
			name = "react-native-safe-area-context";
			path = "libreact-native-safe-area-context.a";
			remoteRef = 04BA94802BCF248500DF8DD3 /* PBXContainerItemProxy */;
			sourceTree = BUILT_PRODUCTS_DIR;
		};
		04BA94832BCF248500DF8DD3 /* React-nativeconfig */ = {
			isa = PBXReferenceProxy;
			fileType = archive.ar;
			name = "React-nativeconfig";
			path = "libReact-nativeconfig.a";
			remoteRef = 04BA94822BCF248500DF8DD3 /* PBXContainerItemProxy */;
			sourceTree = BUILT_PRODUCTS_DIR;
		};
		04BA94852BCF248500DF8DD3 /* React-NativeModulesApple */ = {
			isa = PBXReferenceProxy;
			fileType = archive.ar;
			name = "React-NativeModulesApple";
			path = "libReact-NativeModulesApple.a";
			remoteRef = 04BA94842BCF248500DF8DD3 /* PBXContainerItemProxy */;
			sourceTree = BUILT_PRODUCTS_DIR;
		};
		04BA94872BCF248500DF8DD3 /* React-perflogger */ = {
			isa = PBXReferenceProxy;
			fileType = archive.ar;
			name = "React-perflogger";
			path = "libReact-perflogger.a";
			remoteRef = 04BA94862BCF248500DF8DD3 /* PBXContainerItemProxy */;
			sourceTree = BUILT_PRODUCTS_DIR;
		};
		04BA94892BCF248500DF8DD3 /* React-RCTAnimation */ = {
			isa = PBXReferenceProxy;
			fileType = archive.ar;
			name = "React-RCTAnimation";
			path = "libReact-RCTAnimation.a";
			remoteRef = 04BA94882BCF248500DF8DD3 /* PBXContainerItemProxy */;
			sourceTree = BUILT_PRODUCTS_DIR;
		};
		04BA948B2BCF248500DF8DD3 /* React-RCTAppDelegate */ = {
			isa = PBXReferenceProxy;
			fileType = archive.ar;
			name = "React-RCTAppDelegate";
			path = "libReact-RCTAppDelegate.a";
			remoteRef = 04BA948A2BCF248500DF8DD3 /* PBXContainerItemProxy */;
			sourceTree = BUILT_PRODUCTS_DIR;
		};
		04BA948D2BCF248500DF8DD3 /* React-RCTBlob */ = {
			isa = PBXReferenceProxy;
			fileType = archive.ar;
			name = "React-RCTBlob";
			path = "libReact-RCTBlob.a";
			remoteRef = 04BA948C2BCF248500DF8DD3 /* PBXContainerItemProxy */;
			sourceTree = BUILT_PRODUCTS_DIR;
		};
		04BA948F2BCF248500DF8DD3 /* React-RCTFabric */ = {
			isa = PBXReferenceProxy;
			fileType = archive.ar;
			name = "React-RCTFabric";
			path = "libReact-RCTFabric.a";
			remoteRef = 04BA948E2BCF248500DF8DD3 /* PBXContainerItemProxy */;
			sourceTree = BUILT_PRODUCTS_DIR;
		};
		04BA94912BCF248500DF8DD3 /* React-RCTImage */ = {
			isa = PBXReferenceProxy;
			fileType = archive.ar;
			name = "React-RCTImage";
			path = "libReact-RCTImage.a";
			remoteRef = 04BA94902BCF248500DF8DD3 /* PBXContainerItemProxy */;
			sourceTree = BUILT_PRODUCTS_DIR;
		};
		04BA94932BCF248500DF8DD3 /* React-RCTLinking */ = {
			isa = PBXReferenceProxy;
			fileType = archive.ar;
			name = "React-RCTLinking";
			path = "libReact-RCTLinking.a";
			remoteRef = 04BA94922BCF248500DF8DD3 /* PBXContainerItemProxy */;
			sourceTree = BUILT_PRODUCTS_DIR;
		};
		04BA94952BCF248500DF8DD3 /* React-RCTNetwork */ = {
			isa = PBXReferenceProxy;
			fileType = archive.ar;
			name = "React-RCTNetwork";
			path = "libReact-RCTNetwork.a";
			remoteRef = 04BA94942BCF248500DF8DD3 /* PBXContainerItemProxy */;
			sourceTree = BUILT_PRODUCTS_DIR;
		};
		04BA94972BCF248500DF8DD3 /* React-RCTSettings */ = {
			isa = PBXReferenceProxy;
			fileType = archive.ar;
			name = "React-RCTSettings";
			path = "libReact-RCTSettings.a";
			remoteRef = 04BA94962BCF248500DF8DD3 /* PBXContainerItemProxy */;
			sourceTree = BUILT_PRODUCTS_DIR;
		};
		04BA94992BCF248500DF8DD3 /* React-RCTText */ = {
			isa = PBXReferenceProxy;
			fileType = archive.ar;
			name = "React-RCTText";
			path = "libReact-RCTText.a";
			remoteRef = 04BA94982BCF248500DF8DD3 /* PBXContainerItemProxy */;
			sourceTree = BUILT_PRODUCTS_DIR;
		};
		04BA949B2BCF248500DF8DD3 /* React-RCTVibration */ = {
			isa = PBXReferenceProxy;
			fileType = archive.ar;
			name = "React-RCTVibration";
			path = "libReact-RCTVibration.a";
			remoteRef = 04BA949A2BCF248500DF8DD3 /* PBXContainerItemProxy */;
			sourceTree = BUILT_PRODUCTS_DIR;
		};
		04BA949D2BCF248500DF8DD3 /* React-rendererdebug */ = {
			isa = PBXReferenceProxy;
			fileType = archive.ar;
			name = "React-rendererdebug";
			path = "libReact-rendererdebug.a";
			remoteRef = 04BA949C2BCF248500DF8DD3 /* PBXContainerItemProxy */;
			sourceTree = BUILT_PRODUCTS_DIR;
		};
		04BA949F2BCF248500DF8DD3 /* React-RuntimeApple */ = {
			isa = PBXReferenceProxy;
			fileType = archive.ar;
			name = "React-RuntimeApple";
			path = "libReact-RuntimeApple.a";
			remoteRef = 04BA949E2BCF248500DF8DD3 /* PBXContainerItemProxy */;
			sourceTree = BUILT_PRODUCTS_DIR;
		};
		04BA94A12BCF248500DF8DD3 /* React-RuntimeCore */ = {
			isa = PBXReferenceProxy;
			fileType = archive.ar;
			name = "React-RuntimeCore";
			path = "libReact-RuntimeCore.a";
			remoteRef = 04BA94A02BCF248500DF8DD3 /* PBXContainerItemProxy */;
			sourceTree = BUILT_PRODUCTS_DIR;
		};
		04BA94A32BCF248500DF8DD3 /* React-RuntimeHermes */ = {
			isa = PBXReferenceProxy;
			fileType = archive.ar;
			name = "React-RuntimeHermes";
			path = "libReact-RuntimeHermes.a";
			remoteRef = 04BA94A22BCF248500DF8DD3 /* PBXContainerItemProxy */;
			sourceTree = BUILT_PRODUCTS_DIR;
		};
		04BA94A52BCF248500DF8DD3 /* React-runtimescheduler */ = {
			isa = PBXReferenceProxy;
			fileType = archive.ar;
			name = "React-runtimescheduler";
			path = "libReact-runtimescheduler.a";
			remoteRef = 04BA94A42BCF248500DF8DD3 /* PBXContainerItemProxy */;
			sourceTree = BUILT_PRODUCTS_DIR;
		};
		04BA94A72BCF248500DF8DD3 /* React-utils */ = {
			isa = PBXReferenceProxy;
			fileType = archive.ar;
			name = "React-utils";
			path = "libReact-utils.a";
			remoteRef = 04BA94A62BCF248500DF8DD3 /* PBXContainerItemProxy */;
			sourceTree = BUILT_PRODUCTS_DIR;
		};
		04BA94A92BCF248500DF8DD3 /* ReactCommon */ = {
			isa = PBXReferenceProxy;
			fileType = archive.ar;
			name = ReactCommon;
			path = libReactCommon.a;
			remoteRef = 04BA94A82BCF248500DF8DD3 /* PBXContainerItemProxy */;
			sourceTree = BUILT_PRODUCTS_DIR;
		};
		04BA94AB2BCF248500DF8DD3 /* RNGoogleSignin */ = {
			isa = PBXReferenceProxy;
			fileType = archive.ar;
			name = RNGoogleSignin;
			path = libRNGoogleSignin.a;
			remoteRef = 04BA94AA2BCF248500DF8DD3 /* PBXContainerItemProxy */;
			sourceTree = BUILT_PRODUCTS_DIR;
		};
		04BA94AD2BCF248500DF8DD3 /* RNLocalize */ = {
			isa = PBXReferenceProxy;
			fileType = archive.ar;
			name = RNLocalize;
			path = libRNLocalize.a;
			remoteRef = 04BA94AC2BCF248500DF8DD3 /* PBXContainerItemProxy */;
			sourceTree = BUILT_PRODUCTS_DIR;
		};
		04BA94AF2BCF248500DF8DD3 /* RNScreens */ = {
			isa = PBXReferenceProxy;
			fileType = archive.ar;
			name = RNScreens;
			path = libRNScreens.a;
			remoteRef = 04BA94AE2BCF248500DF8DD3 /* PBXContainerItemProxy */;
			sourceTree = BUILT_PRODUCTS_DIR;
		};
		04BA94B12BCF248500DF8DD3 /* RNSVG */ = {
			isa = PBXReferenceProxy;
			fileType = archive.ar;
			name = RNSVG;
			path = libRNSVG.a;
			remoteRef = 04BA94B02BCF248500DF8DD3 /* PBXContainerItemProxy */;
			sourceTree = BUILT_PRODUCTS_DIR;
		};
		04BA94B32BCF248500DF8DD3 /* SocketRocket */ = {
			isa = PBXReferenceProxy;
			fileType = archive.ar;
			name = SocketRocket;
			path = libSocketRocket.a;
			remoteRef = 04BA94B22BCF248500DF8DD3 /* PBXContainerItemProxy */;
			sourceTree = BUILT_PRODUCTS_DIR;
		};
		04BA94B52BCF248500DF8DD3 /* Yoga */ = {
			isa = PBXReferenceProxy;
			fileType = archive.ar;
			name = Yoga;
			path = libYoga.a;
			remoteRef = 04BA94B42BCF248500DF8DD3 /* PBXContainerItemProxy */;
			sourceTree = BUILT_PRODUCTS_DIR;
		};
/* End PBXReferenceProxy section */

/* Begin PBXResourcesBuildPhase section */
		00E356EC1AD99517003FC87E /* Resources */ = {
			isa = PBXResourcesBuildPhase;
			buildActionMask = 2147483647;
			files = (
			);
			runOnlyForDeploymentPostprocessing = 0;
		};
		13B07F8E1A680F5B00A75B9A /* Resources */ = {
			isa = PBXResourcesBuildPhase;
			buildActionMask = 2147483647;
			files = (
				81AB9BB82411601600AC10FF /* LaunchScreen.storyboard in Resources */,
				13B07FBF1A68108700A75B9A /* Images.xcassets in Resources */,
				9F8172D6C31F4045BCB5649E /* Roboto-Black.ttf in Resources */,
				7ED55260273B4E2C8EDEE81E /* Roboto-BlackItalic.ttf in Resources */,
				FED768CBAC094ED88854D5BB /* Roboto-Bold.ttf in Resources */,
				E426CCC3C4B94AA89E09EEA7 /* Roboto-BoldItalic.ttf in Resources */,
				0F1222AC3A6D4C5399EBB7C6 /* Roboto-Italic.ttf in Resources */,
				7E1DFB1933764943B8626971 /* Roboto-Light.ttf in Resources */,
				A7632B96F7BA414181ACCAEC /* Roboto-LightItalic.ttf in Resources */,
				3B5B83F4374440AC90CDA882 /* Roboto-Medium.ttf in Resources */,
				9220F5B6501B4E9385DCBC4D /* Roboto-MediumItalic.ttf in Resources */,
				25F5D5A3C4F64229A81847F9 /* Roboto-Regular.ttf in Resources */,
				A575CF8DDF7C40A2AE57D296 /* Roboto-Thin.ttf in Resources */,
				8FD3F3E9941940FEA119E85D /* Roboto-ThinItalic.ttf in Resources */,
				92BAFFC9B4CA4A48AA7EC23D /* index.ts in Resources */,
				1D0F5E12475F0CE3F2D61229 /* PrivacyInfo.xcprivacy in Resources */,
			);
			runOnlyForDeploymentPostprocessing = 0;
		};
/* End PBXResourcesBuildPhase section */

/* Begin PBXShellScriptBuildPhase section */
		00DD1BFF1BD5951E006B06BC /* Bundle React Native code and images */ = {
			isa = PBXShellScriptBuildPhase;
			buildActionMask = 2147483647;
			files = (
			);
			inputPaths = (
				"$(SRCROOT)/.xcode.env.local",
				"$(SRCROOT)/.xcode.env",
			);
			name = "Bundle React Native code and images";
			outputPaths = (
			);
			runOnlyForDeploymentPostprocessing = 0;
			shellPath = /bin/sh;
			shellScript = "set -e\n\nWITH_ENVIRONMENT=\"$REACT_NATIVE_PATH/scripts/xcode/with-environment.sh\"\nREACT_NATIVE_XCODE=\"$REACT_NATIVE_PATH/scripts/react-native-xcode.sh\"\n\n/bin/sh -c \"$WITH_ENVIRONMENT $REACT_NATIVE_XCODE\"\n";
		};
		00EEFC60759A1932668264C0 /* [CP] Embed Pods Frameworks */ = {
			isa = PBXShellScriptBuildPhase;
			buildActionMask = 2147483647;
			files = (
			);
			inputFileListPaths = (
				"${PODS_ROOT}/Target Support Files/Pods-connect/Pods-connect-frameworks-${CONFIGURATION}-input-files.xcfilelist",
			);
			name = "[CP] Embed Pods Frameworks";
			outputFileListPaths = (
				"${PODS_ROOT}/Target Support Files/Pods-connect/Pods-connect-frameworks-${CONFIGURATION}-output-files.xcfilelist",
			);
			runOnlyForDeploymentPostprocessing = 0;
			shellPath = /bin/sh;
			shellScript = "\"${PODS_ROOT}/Target Support Files/Pods-connect/Pods-connect-frameworks.sh\"\n";
			showEnvVarsInLog = 0;
		};
		A55EABD7B0C7F3A422A6CC61 /* [CP] Check Pods Manifest.lock */ = {
			isa = PBXShellScriptBuildPhase;
			buildActionMask = 2147483647;
			files = (
			);
			inputFileListPaths = (
			);
			inputPaths = (
				"${PODS_PODFILE_DIR_PATH}/Podfile.lock",
				"${PODS_ROOT}/Manifest.lock",
			);
			name = "[CP] Check Pods Manifest.lock";
			outputFileListPaths = (
			);
			outputPaths = (
				"$(DERIVED_FILE_DIR)/Pods-connect-connectTests-checkManifestLockResult.txt",
			);
			runOnlyForDeploymentPostprocessing = 0;
			shellPath = /bin/sh;
			shellScript = "diff \"${PODS_PODFILE_DIR_PATH}/Podfile.lock\" \"${PODS_ROOT}/Manifest.lock\" > /dev/null\nif [ $? != 0 ] ; then\n    # print error to STDERR\n    echo \"error: The sandbox is not in sync with the Podfile.lock. Run 'pod install' or update your CocoaPods installation.\" >&2\n    exit 1\nfi\n# This output is used by Xcode 'outputs' to avoid re-running this script phase.\necho \"SUCCESS\" > \"${SCRIPT_OUTPUT_FILE_0}\"\n";
			showEnvVarsInLog = 0;
		};
		C38B50BA6285516D6DCD4F65 /* [CP] Check Pods Manifest.lock */ = {
			isa = PBXShellScriptBuildPhase;
			buildActionMask = 2147483647;
			files = (
			);
			inputFileListPaths = (
			);
			inputPaths = (
				"${PODS_PODFILE_DIR_PATH}/Podfile.lock",
				"${PODS_ROOT}/Manifest.lock",
			);
			name = "[CP] Check Pods Manifest.lock";
			outputFileListPaths = (
			);
			outputPaths = (
				"$(DERIVED_FILE_DIR)/Pods-connect-checkManifestLockResult.txt",
			);
			runOnlyForDeploymentPostprocessing = 0;
			shellPath = /bin/sh;
			shellScript = "diff \"${PODS_PODFILE_DIR_PATH}/Podfile.lock\" \"${PODS_ROOT}/Manifest.lock\" > /dev/null\nif [ $? != 0 ] ; then\n    # print error to STDERR\n    echo \"error: The sandbox is not in sync with the Podfile.lock. Run 'pod install' or update your CocoaPods installation.\" >&2\n    exit 1\nfi\n# This output is used by Xcode 'outputs' to avoid re-running this script phase.\necho \"SUCCESS\" > \"${SCRIPT_OUTPUT_FILE_0}\"\n";
			showEnvVarsInLog = 0;
		};
		C59DA0FBD6956966B86A3779 /* [CP] Embed Pods Frameworks */ = {
			isa = PBXShellScriptBuildPhase;
			buildActionMask = 2147483647;
			files = (
			);
			inputFileListPaths = (
				"${PODS_ROOT}/Target Support Files/Pods-connect-connectTests/Pods-connect-connectTests-frameworks-${CONFIGURATION}-input-files.xcfilelist",
			);
			name = "[CP] Embed Pods Frameworks";
			outputFileListPaths = (
				"${PODS_ROOT}/Target Support Files/Pods-connect-connectTests/Pods-connect-connectTests-frameworks-${CONFIGURATION}-output-files.xcfilelist",
			);
			runOnlyForDeploymentPostprocessing = 0;
			shellPath = /bin/sh;
			shellScript = "\"${PODS_ROOT}/Target Support Files/Pods-connect-connectTests/Pods-connect-connectTests-frameworks.sh\"\n";
			showEnvVarsInLog = 0;
		};
		E235C05ADACE081382539298 /* [CP] Copy Pods Resources */ = {
			isa = PBXShellScriptBuildPhase;
			buildActionMask = 2147483647;
			files = (
			);
			inputFileListPaths = (
				"${PODS_ROOT}/Target Support Files/Pods-connect/Pods-connect-resources-${CONFIGURATION}-input-files.xcfilelist",
			);
			name = "[CP] Copy Pods Resources";
			outputFileListPaths = (
				"${PODS_ROOT}/Target Support Files/Pods-connect/Pods-connect-resources-${CONFIGURATION}-output-files.xcfilelist",
			);
			runOnlyForDeploymentPostprocessing = 0;
			shellPath = /bin/sh;
			shellScript = "\"${PODS_ROOT}/Target Support Files/Pods-connect/Pods-connect-resources.sh\"\n";
			showEnvVarsInLog = 0;
		};
		F6A41C54EA430FDDC6A6ED99 /* [CP] Copy Pods Resources */ = {
			isa = PBXShellScriptBuildPhase;
			buildActionMask = 2147483647;
			files = (
			);
			inputFileListPaths = (
				"${PODS_ROOT}/Target Support Files/Pods-connect-connectTests/Pods-connect-connectTests-resources-${CONFIGURATION}-input-files.xcfilelist",
			);
			name = "[CP] Copy Pods Resources";
			outputFileListPaths = (
				"${PODS_ROOT}/Target Support Files/Pods-connect-connectTests/Pods-connect-connectTests-resources-${CONFIGURATION}-output-files.xcfilelist",
			);
			runOnlyForDeploymentPostprocessing = 0;
			shellPath = /bin/sh;
			shellScript = "\"${PODS_ROOT}/Target Support Files/Pods-connect-connectTests/Pods-connect-connectTests-resources.sh\"\n";
			showEnvVarsInLog = 0;
		};
		FD10A7F022414F080027D42C /* Start Packager */ = {
			isa = PBXShellScriptBuildPhase;
			buildActionMask = 2147483647;
			files = (
			);
			inputFileListPaths = (
			);
			inputPaths = (
			);
			name = "Start Packager";
			outputFileListPaths = (
			);
			outputPaths = (
			);
			runOnlyForDeploymentPostprocessing = 0;
			shellPath = /bin/sh;
			shellScript = "export RCT_METRO_PORT=\"${RCT_METRO_PORT:=8081}\"\necho \"export RCT_METRO_PORT=${RCT_METRO_PORT}\" > \"${SRCROOT}/../node_modules/react-native/scripts/.packager.env\"\nif [ -z \"${RCT_NO_LAUNCH_PACKAGER+xxx}\" ] ; then\n  if nc -w 5 -z localhost ${RCT_METRO_PORT} ; then\n    if ! curl -s \"http://localhost:${RCT_METRO_PORT}/status\" | grep -q \"packager-status:running\" ; then\n      echo \"Port ${RCT_METRO_PORT} already in use, packager is either not running or not running correctly\"\n      exit 2\n    fi\n  else\n    open \"$SRCROOT/../node_modules/react-native/scripts/launchPackager.command\" || echo \"Can't start packager automatically\"\n  fi\nfi\n";
			showEnvVarsInLog = 0;
		};
/* End PBXShellScriptBuildPhase section */

/* Begin PBXSourcesBuildPhase section */
		00E356EA1AD99517003FC87E /* Sources */ = {
			isa = PBXSourcesBuildPhase;
			buildActionMask = 2147483647;
			files = (
				00E356F31AD99517003FC87E /* connectTests.m in Sources */,
			);
			runOnlyForDeploymentPostprocessing = 0;
		};
		13B07F871A680F5B00A75B9A /* Sources */ = {
			isa = PBXSourcesBuildPhase;
			buildActionMask = 2147483647;
			files = (
				13B07FBC1A68108700A75B9A /* AppDelegate.mm in Sources */,
				13B07FC11A68108700A75B9A /* main.m in Sources */,
			);
			runOnlyForDeploymentPostprocessing = 0;
		};
/* End PBXSourcesBuildPhase section */

/* Begin PBXTargetDependency section */
		00E356F51AD99517003FC87E /* PBXTargetDependency */ = {
			isa = PBXTargetDependency;
			target = 13B07F861A680F5B00A75B9A /* connect */;
			targetProxy = 00E356F41AD99517003FC87E /* PBXContainerItemProxy */;
		};
/* End PBXTargetDependency section */

/* Begin XCBuildConfiguration section */
		00E356F61AD99517003FC87E /* Debug */ = {
			isa = XCBuildConfiguration;
			baseConfigurationReference = 5B7EB9410499542E8C5724F5 /* Pods-connect-connectTests.debug.xcconfig */;
			buildSettings = {
				BUNDLE_LOADER = "$(TEST_HOST)";
				GCC_PREPROCESSOR_DEFINITIONS = (
					"DEBUG=1",
					"$(inherited)",
				);
				INFOPLIST_FILE = connectTests/Info.plist;
				IPHONEOS_DEPLOYMENT_TARGET = 12.4;
				LD_RUNPATH_SEARCH_PATHS = (
					"$(inherited)",
					"@executable_path/Frameworks",
					"@loader_path/Frameworks",
				);
				OTHER_LDFLAGS = (
					"-ObjC",
					"-lc++",
					"$(inherited)",
				);
				PRODUCT_BUNDLE_IDENTIFIER = com.intsoft.connect;
				PRODUCT_NAME = "$(TARGET_NAME)";
				TEST_HOST = "$(BUILT_PRODUCTS_DIR)/connect.app/connect";
			};
			name = Debug;
		};
		00E356F71AD99517003FC87E /* Release */ = {
			isa = XCBuildConfiguration;
			baseConfigurationReference = 89C6BE57DB24E9ADA2F236DE /* Pods-connect-connectTests.release.xcconfig */;
			buildSettings = {
				BUNDLE_LOADER = "$(TEST_HOST)";
				COPY_PHASE_STRIP = NO;
				INFOPLIST_FILE = connectTests/Info.plist;
				IPHONEOS_DEPLOYMENT_TARGET = 12.4;
				LD_RUNPATH_SEARCH_PATHS = (
					"$(inherited)",
					"@executable_path/Frameworks",
					"@loader_path/Frameworks",
				);
				OTHER_LDFLAGS = (
					"-ObjC",
					"-lc++",
					"$(inherited)",
				);
				PRODUCT_BUNDLE_IDENTIFIER = com.intsoft.connect;
				PRODUCT_NAME = "$(TARGET_NAME)";
				TEST_HOST = "$(BUILT_PRODUCTS_DIR)/connect.app/connect";
			};
			name = Release;
		};
		13B07F941A680F5B00A75B9A /* Debug */ = {
			isa = XCBuildConfiguration;
			baseConfigurationReference = 3B4392A12AC88292D35C810B /* Pods-connect.debug.xcconfig */;
			buildSettings = {
				ASSETCATALOG_COMPILER_APPICON_NAME = AppIcon;
				CLANG_ENABLE_MODULES = YES;
				CODE_SIGN_IDENTITY = "Apple Development";
				CODE_SIGN_STYLE = Automatic;
				CURRENT_PROJECT_VERSION = 1;
				DEVELOPMENT_TEAM = "";
				ENABLE_BITCODE = NO;
				INFOPLIST_FILE = connect/Info.plist;
				INFOPLIST_KEY_CFBundleDisplayName = Connect;
				LD_RUNPATH_SEARCH_PATHS = (
					"$(inherited)",
					"@executable_path/Frameworks",
				);
				MARKETING_VERSION = 1.0;
				OTHER_LDFLAGS = (
					"$(inherited)",
					"-ObjC",
					"-lc++",
				);
				PRODUCT_BUNDLE_IDENTIFIER = com.intsoft.connect;
				PRODUCT_NAME = connect;
				PROVISIONING_PROFILE_SPECIFIER = "";
				SWIFT_OPTIMIZATION_LEVEL = "-Onone";
				SWIFT_VERSION = 5.0;
				VERSIONING_SYSTEM = "apple-generic";
			};
			name = Debug;
		};
		13B07F951A680F5B00A75B9A /* Release */ = {
			isa = XCBuildConfiguration;
			baseConfigurationReference = 5709B34CF0A7D63546082F79 /* Pods-connect.release.xcconfig */;
			buildSettings = {
				ASSETCATALOG_COMPILER_APPICON_NAME = AppIcon;
				CLANG_ENABLE_MODULES = YES;
				CODE_SIGN_IDENTITY = "Apple Development";
				CODE_SIGN_STYLE = Automatic;
				CURRENT_PROJECT_VERSION = 1;
				DEVELOPMENT_TEAM = "";
				INFOPLIST_FILE = connect/Info.plist;
				INFOPLIST_KEY_CFBundleDisplayName = Connect;
				LD_RUNPATH_SEARCH_PATHS = (
					"$(inherited)",
					"@executable_path/Frameworks",
				);
				MARKETING_VERSION = 1.0;
				OTHER_LDFLAGS = (
					"$(inherited)",
					"-ObjC",
					"-lc++",
				);
				PRODUCT_BUNDLE_IDENTIFIER = com.intsoft.connect;
				PRODUCT_NAME = connect;
				PROVISIONING_PROFILE_SPECIFIER = "";
				SWIFT_VERSION = 5.0;
				VERSIONING_SYSTEM = "apple-generic";
			};
			name = Release;
		};
		83CBBA201A601CBA00E9B192 /* Debug */ = {
			isa = XCBuildConfiguration;
			buildSettings = {
				ALWAYS_SEARCH_USER_PATHS = NO;
				CC = "";
				CLANG_ANALYZER_LOCALIZABILITY_NONLOCALIZED = YES;
				CLANG_CXX_LANGUAGE_STANDARD = "c++20";
				CLANG_CXX_LIBRARY = "libc++";
				CLANG_ENABLE_MODULES = YES;
				CLANG_ENABLE_OBJC_ARC = YES;
				CLANG_WARN_BLOCK_CAPTURE_AUTORELEASING = YES;
				CLANG_WARN_BOOL_CONVERSION = YES;
				CLANG_WARN_COMMA = YES;
				CLANG_WARN_CONSTANT_CONVERSION = YES;
				CLANG_WARN_DEPRECATED_OBJC_IMPLEMENTATIONS = YES;
				CLANG_WARN_DIRECT_OBJC_ISA_USAGE = YES_ERROR;
				CLANG_WARN_EMPTY_BODY = YES;
				CLANG_WARN_ENUM_CONVERSION = YES;
				CLANG_WARN_INFINITE_RECURSION = YES;
				CLANG_WARN_INT_CONVERSION = YES;
				CLANG_WARN_NON_LITERAL_NULL_CONVERSION = YES;
				CLANG_WARN_OBJC_IMPLICIT_RETAIN_SELF = YES;
				CLANG_WARN_OBJC_LITERAL_CONVERSION = YES;
				CLANG_WARN_OBJC_ROOT_CLASS = YES_ERROR;
				CLANG_WARN_QUOTED_INCLUDE_IN_FRAMEWORK_HEADER = YES;
				CLANG_WARN_RANGE_LOOP_ANALYSIS = YES;
				CLANG_WARN_STRICT_PROTOTYPES = YES;
				CLANG_WARN_SUSPICIOUS_MOVE = YES;
				CLANG_WARN_UNREACHABLE_CODE = YES;
				CLANG_WARN__DUPLICATE_METHOD_MATCH = YES;
				"CODE_SIGN_IDENTITY[sdk=iphoneos*]" = "iPhone Developer";
				COPY_PHASE_STRIP = NO;
				CXX = "";
				ENABLE_STRICT_OBJC_MSGSEND = YES;
				ENABLE_TESTABILITY = YES;
				"EXCLUDED_ARCHS[sdk=iphonesimulator*]" = i386;
				GCC_C_LANGUAGE_STANDARD = gnu99;
				GCC_DYNAMIC_NO_PIC = NO;
				GCC_NO_COMMON_BLOCKS = YES;
				GCC_OPTIMIZATION_LEVEL = 0;
				GCC_PREPROCESSOR_DEFINITIONS = (
					"DEBUG=1",
					"$(inherited)",
					_LIBCPP_ENABLE_CXX17_REMOVED_UNARY_BINARY_FUNCTION,
				);
				GCC_SYMBOLS_PRIVATE_EXTERN = NO;
				GCC_WARN_64_TO_32_BIT_CONVERSION = YES;
				GCC_WARN_ABOUT_RETURN_TYPE = YES_ERROR;
				GCC_WARN_UNDECLARED_SELECTOR = YES;
				GCC_WARN_UNINITIALIZED_AUTOS = YES_AGGRESSIVE;
				GCC_WARN_UNUSED_FUNCTION = YES;
				GCC_WARN_UNUSED_VARIABLE = YES;
				IPHONEOS_DEPLOYMENT_TARGET = 12.4;
				LD = "";
				LDPLUSPLUS = "";
				LD_RUNPATH_SEARCH_PATHS = (
					/usr/lib/swift,
					"$(inherited)",
				);
				LIBRARY_SEARCH_PATHS = (
					"\"$(SDKROOT)/usr/lib/swift\"",
					"\"$(TOOLCHAIN_DIR)/usr/lib/swift/$(PLATFORM_NAME)\"",
					"\"$(inherited)\"",
				);
				MTL_ENABLE_DEBUG_INFO = YES;
				ONLY_ACTIVE_ARCH = YES;
				OTHER_CFLAGS = (
					"$(inherited)",
					"-DRN_FABRIC_ENABLED",
				);
				OTHER_CPLUSPLUSFLAGS = (
					"$(OTHER_CFLAGS)",
					"-DFOLLY_NO_CONFIG",
					"-DFOLLY_MOBILE=1",
					"-DFOLLY_USE_LIBCPP=1",
					"-DRN_FABRIC_ENABLED",
					"-DFOLLY_CFG_NO_COROUTINES=1",
					"-DFOLLY_HAVE_CLOCK_GETTIME=1",
				);
				OTHER_LDFLAGS = "$(inherited)";
				REACT_NATIVE_PATH = "${PODS_ROOT}/../../node_modules/react-native";
				SDKROOT = iphoneos;
				USE_HERMES = true;
			};
			name = Debug;
		};
		83CBBA211A601CBA00E9B192 /* Release */ = {
			isa = XCBuildConfiguration;
			buildSettings = {
				ALWAYS_SEARCH_USER_PATHS = NO;
				CC = "";
				CLANG_ANALYZER_LOCALIZABILITY_NONLOCALIZED = YES;
				CLANG_CXX_LANGUAGE_STANDARD = "c++20";
				CLANG_CXX_LIBRARY = "libc++";
				CLANG_ENABLE_MODULES = YES;
				CLANG_ENABLE_OBJC_ARC = YES;
				CLANG_WARN_BLOCK_CAPTURE_AUTORELEASING = YES;
				CLANG_WARN_BOOL_CONVERSION = YES;
				CLANG_WARN_COMMA = YES;
				CLANG_WARN_CONSTANT_CONVERSION = YES;
				CLANG_WARN_DEPRECATED_OBJC_IMPLEMENTATIONS = YES;
				CLANG_WARN_DIRECT_OBJC_ISA_USAGE = YES_ERROR;
				CLANG_WARN_EMPTY_BODY = YES;
				CLANG_WARN_ENUM_CONVERSION = YES;
				CLANG_WARN_INFINITE_RECURSION = YES;
				CLANG_WARN_INT_CONVERSION = YES;
				CLANG_WARN_NON_LITERAL_NULL_CONVERSION = YES;
				CLANG_WARN_OBJC_IMPLICIT_RETAIN_SELF = YES;
				CLANG_WARN_OBJC_LITERAL_CONVERSION = YES;
				CLANG_WARN_OBJC_ROOT_CLASS = YES_ERROR;
				CLANG_WARN_QUOTED_INCLUDE_IN_FRAMEWORK_HEADER = YES;
				CLANG_WARN_RANGE_LOOP_ANALYSIS = YES;
				CLANG_WARN_STRICT_PROTOTYPES = YES;
				CLANG_WARN_SUSPICIOUS_MOVE = YES;
				CLANG_WARN_UNREACHABLE_CODE = YES;
				CLANG_WARN__DUPLICATE_METHOD_MATCH = YES;
				"CODE_SIGN_IDENTITY[sdk=iphoneos*]" = "iPhone Developer";
				COPY_PHASE_STRIP = YES;
				CXX = "";
				ENABLE_NS_ASSERTIONS = NO;
				ENABLE_STRICT_OBJC_MSGSEND = YES;
				"EXCLUDED_ARCHS[sdk=iphonesimulator*]" = i386;
				GCC_C_LANGUAGE_STANDARD = gnu99;
				GCC_NO_COMMON_BLOCKS = YES;
				GCC_PREPROCESSOR_DEFINITIONS = (
					"$(inherited)",
					_LIBCPP_ENABLE_CXX17_REMOVED_UNARY_BINARY_FUNCTION,
				);
				GCC_WARN_64_TO_32_BIT_CONVERSION = YES;
				GCC_WARN_ABOUT_RETURN_TYPE = YES_ERROR;
				GCC_WARN_UNDECLARED_SELECTOR = YES;
				GCC_WARN_UNINITIALIZED_AUTOS = YES_AGGRESSIVE;
				GCC_WARN_UNUSED_FUNCTION = YES;
				GCC_WARN_UNUSED_VARIABLE = YES;
				IPHONEOS_DEPLOYMENT_TARGET = 12.4;
				LD = "";
				LDPLUSPLUS = "";
				LD_RUNPATH_SEARCH_PATHS = (
					/usr/lib/swift,
					"$(inherited)",
				);
				LIBRARY_SEARCH_PATHS = (
					"\"$(SDKROOT)/usr/lib/swift\"",
					"\"$(TOOLCHAIN_DIR)/usr/lib/swift/$(PLATFORM_NAME)\"",
					"\"$(inherited)\"",
				);
				MTL_ENABLE_DEBUG_INFO = NO;
				OTHER_CFLAGS = (
					"$(inherited)",
					"-DRN_FABRIC_ENABLED",
				);
				OTHER_CPLUSPLUSFLAGS = (
					"$(OTHER_CFLAGS)",
					"-DFOLLY_NO_CONFIG",
					"-DFOLLY_MOBILE=1",
					"-DFOLLY_USE_LIBCPP=1",
					"-DRN_FABRIC_ENABLED",
					"-DFOLLY_CFG_NO_COROUTINES=1",
					"-DFOLLY_HAVE_CLOCK_GETTIME=1",
				);
				OTHER_LDFLAGS = "$(inherited)";
				REACT_NATIVE_PATH = "${PODS_ROOT}/../../node_modules/react-native";
				SDKROOT = iphoneos;
				USE_HERMES = true;
				VALIDATE_PRODUCT = YES;
			};
			name = Release;
		};
/* End XCBuildConfiguration section */

/* Begin XCConfigurationList section */
		00E357021AD99517003FC87E /* Build configuration list for PBXNativeTarget "connectTests" */ = {
			isa = XCConfigurationList;
			buildConfigurations = (
				00E356F61AD99517003FC87E /* Debug */,
				00E356F71AD99517003FC87E /* Release */,
			);
			defaultConfigurationIsVisible = 0;
			defaultConfigurationName = Release;
		};
		13B07F931A680F5B00A75B9A /* Build configuration list for PBXNativeTarget "connect" */ = {
			isa = XCConfigurationList;
			buildConfigurations = (
				13B07F941A680F5B00A75B9A /* Debug */,
				13B07F951A680F5B00A75B9A /* Release */,
			);
			defaultConfigurationIsVisible = 0;
			defaultConfigurationName = Release;
		};
		83CBB9FA1A601CBA00E9B192 /* Build configuration list for PBXProject "connect" */ = {
			isa = XCConfigurationList;
			buildConfigurations = (
				83CBBA201A601CBA00E9B192 /* Debug */,
				83CBBA211A601CBA00E9B192 /* Release */,
			);
			defaultConfigurationIsVisible = 0;
			defaultConfigurationName = Release;
		};
/* End XCConfigurationList section */
	};
	rootObject = 83CBB9F71A601CBA00E9B192 /* Project object */;
}
